// !$*UTF8*$!
{
	archiveVersion = 1;
	classes = {
	};
	objectVersion = 55;
	objects = {

/* Begin PBXBuildFile section */
		6CC96DBA29232CDB00FDB5FB /* AppDelegate.m in Sources */ = {isa = PBXBuildFile; fileRef = 6CC96DB929232CDB00FDB5FB /* AppDelegate.m */; };
		6CC96DBD29232CDB00FDB5FB /* SceneDelegate.m in Sources */ = {isa = PBXBuildFile; fileRef = 6CC96DBC29232CDB00FDB5FB /* SceneDelegate.m */; };
		6CC96DC029232CDB00FDB5FB /* ViewController.m in Sources */ = {isa = PBXBuildFile; fileRef = 6CC96DBF29232CDB00FDB5FB /* ViewController.m */; };
		6CC96DC329232CDB00FDB5FB /* Main.storyboard in Resources */ = {isa = PBXBuildFile; fileRef = 6CC96DC129232CDB00FDB5FB /* Main.storyboard */; };
		6CC96DC529232CDE00FDB5FB /* Assets.xcassets in Resources */ = {isa = PBXBuildFile; fileRef = 6CC96DC429232CDE00FDB5FB /* Assets.xcassets */; };
		6CC96DC829232CDE00FDB5FB /* LaunchScreen.storyboard in Resources */ = {isa = PBXBuildFile; fileRef = 6CC96DC629232CDE00FDB5FB /* LaunchScreen.storyboard */; };
		6CC96DCB29232CDE00FDB5FB /* main.m in Sources */ = {isa = PBXBuildFile; fileRef = 6CC96DCA29232CDE00FDB5FB /* main.m */; };
/* End PBXBuildFile section */

/* Begin PBXFileReference section */
		6CC96DB529232CDB00FDB5FB /* ProducerAndConsumer.app */ = {isa = PBXFileReference; explicitFileType = wrapper.application; includeInIndex = 0; path = ProducerAndConsumer.app; sourceTree = BUILT_PRODUCTS_DIR; };
		6CC96DB829232CDB00FDB5FB /* AppDelegate.h */ = {isa = PBXFileReference; lastKnownFileType = sourcecode.c.h; path = AppDelegate.h; sourceTree = "<group>"; };
		6CC96DB929232CDB00FDB5FB /* AppDelegate.m */ = {isa = PBXFileReference; lastKnownFileType = sourcecode.c.objc; path = AppDelegate.m; sourceTree = "<group>"; };
		6CC96DBB29232CDB00FDB5FB /* SceneDelegate.h */ = {isa = PBXFileReference; lastKnownFileType = sourcecode.c.h; path = SceneDelegate.h; sourceTree = "<group>"; };
		6CC96DBC29232CDB00FDB5FB /* SceneDelegate.m */ = {isa = PBXFileReference; lastKnownFileType = sourcecode.c.objc; path = SceneDelegate.m; sourceTree = "<group>"; };
		6CC96DBE29232CDB00FDB5FB /* ViewController.h */ = {isa = PBXFileReference; lastKnownFileType = sourcecode.c.h; path = ViewController.h; sourceTree = "<group>"; };
		6CC96DBF29232CDB00FDB5FB /* ViewController.m */ = {isa = PBXFileReference; lastKnownFileType = sourcecode.c.objc; path = ViewController.m; sourceTree = "<group>"; };
		6CC96DC229232CDB00FDB5FB /* Base */ = {isa = PBXFileReference; lastKnownFileType = file.storyboard; name = Base; path = Base.lproj/Main.storyboard; sourceTree = "<group>"; };
		6CC96DC429232CDE00FDB5FB /* Assets.xcassets */ = {isa = PBXFileReference; lastKnownFileType = folder.assetcatalog; path = Assets.xcassets; sourceTree = "<group>"; };
		6CC96DC729232CDE00FDB5FB /* Base */ = {isa = PBXFileReference; lastKnownFileType = file.storyboard; name = Base; path = Base.lproj/LaunchScreen.storyboard; sourceTree = "<group>"; };
		6CC96DC929232CDE00FDB5FB /* Info.plist */ = {isa = PBXFileReference; lastKnownFileType = text.plist.xml; path = Info.plist; sourceTree = "<group>"; };
		6CC96DCA29232CDE00FDB5FB /* main.m */ = {isa = PBXFileReference; lastKnownFileType = sourcecode.c.objc; path = main.m; sourceTree = "<group>"; };
/* End PBXFileReference section */

/* Begin PBXFrameworksBuildPhase section */
		6CC96DB229232CDB00FDB5FB /* Frameworks */ = {
			isa = PBXFrameworksBuildPhase;
			buildActionMask = 2147483647;
			files = (
			);
			runOnlyForDeploymentPostprocessing = 0;
		};
/* End PBXFrameworksBuildPhase section */

/* Begin PBXGroup section */
		6CC96DAC29232CDB00FDB5FB = {
			isa = PBXGroup;
			children = (
				6CC96DB729232CDB00FDB5FB /* ProducerAndConsumer */,
				6CC96DB629232CDB00FDB5FB /* Products */,
			);
			sourceTree = "<group>";
		};
		6CC96DB629232CDB00FDB5FB /* Products */ = {
			isa = PBXGroup;
			children = (
				6CC96DB529232CDB00FDB5FB /* ProducerAndConsumer.app */,
			);
			name = Products;
			sourceTree = "<group>";
		};
		6CC96DB729232CDB00FDB5FB /* ProducerAndConsumer */ = {
			isa = PBXGroup;
			children = (
				6CC96DB829232CDB00FDB5FB /* AppDelegate.h */,
				6CC96DB929232CDB00FDB5FB /* AppDelegate.m */,
				6CC96DBB29232CDB00FDB5FB /* SceneDelegate.h */,
				6CC96DBC29232CDB00FDB5FB /* SceneDelegate.m */,
				6CC96DBE29232CDB00FDB5FB /* ViewController.h */,
				6CC96DBF29232CDB00FDB5FB /* ViewController.m */,
				6CC96DC129232CDB00FDB5FB /* Main.storyboard */,
				6CC96DC429232CDE00FDB5FB /* Assets.xcassets */,
				6CC96DC629232CDE00FDB5FB /* LaunchScreen.storyboard */,
				6CC96DC929232CDE00FDB5FB /* Info.plist */,
				6CC96DCA29232CDE00FDB5FB /* main.m */,
			);
			path = ProducerAndConsumer;
			sourceTree = "<group>";
		};
/* End PBXGroup section */

/* Begin PBXNativeTarget section */
		6CC96DB429232CDB00FDB5FB /* ProducerAndConsumer */ = {
			isa = PBXNativeTarget;
			buildConfigurationList = 6CC96DCE29232CDE00FDB5FB /* Build configuration list for PBXNativeTarget "ProducerAndConsumer" */;
			buildPhases = (
				6CC96DB129232CDB00FDB5FB /* Sources */,
				6CC96DB229232CDB00FDB5FB /* Frameworks */,
				6CC96DB329232CDB00FDB5FB /* Resources */,
			);
			buildRules = (
			);
			dependencies = (
			);
			name = ProducerAndConsumer;
			productName = ProducerAndConsumer;
			productReference = 6CC96DB529232CDB00FDB5FB /* ProducerAndConsumer.app */;
			productType = "com.apple.product-type.application";
		};
/* End PBXNativeTarget section */

/* Begin PBXProject section */
		6CC96DAD29232CDB00FDB5FB /* Project object */ = {
			isa = PBXProject;
			attributes = {
				BuildIndependentTargetsInParallel = 1;
				LastUpgradeCheck = 1330;
				TargetAttributes = {
					6CC96DB429232CDB00FDB5FB = {
						CreatedOnToolsVersion = 13.3.1;
					};
				};
			};
			buildConfigurationList = 6CC96DB029232CDB00FDB5FB /* Build configuration list for PBXProject "ProducerAndConsumer" */;
			compatibilityVersion = "Xcode 13.0";
			developmentRegion = en;
			hasScannedForEncodings = 0;
			knownRegions = (
				en,
				Base,
			);
			mainGroup = 6CC96DAC29232CDB00FDB5FB;
			productRefGroup = 6CC96DB629232CDB00FDB5FB /* Products */;
			projectDirPath = "";
			projectRoot = "";
			targets = (
				6CC96DB429232CDB00FDB5FB /* ProducerAndConsumer */,
			);
		};
/* End PBXProject section */

/* Begin PBXResourcesBuildPhase section */
		6CC96DB329232CDB00FDB5FB /* Resources */ = {
			isa = PBXResourcesBuildPhase;
			buildActionMask = 2147483647;
			files = (
				6CC96DC829232CDE00FDB5FB /* LaunchScreen.storyboard in Resources */,
				6CC96DC529232CDE00FDB5FB /* Assets.xcassets in Resources */,
				6CC96DC329232CDB00FDB5FB /* Main.storyboard in Resources */,
			);
			runOnlyForDeploymentPostprocessing = 0;
		};
/* End PBXResourcesBuildPhase section */

/* Begin PBXSourcesBuildPhase section */
		6CC96DB129232CDB00FDB5FB /* Sources */ = {
			isa = PBXSourcesBuildPhase;
			buildActionMask = 2147483647;
			files = (
				6CC96DC029232CDB00FDB5FB /* ViewController.m in Sources */,
				6CC96DBA29232CDB00FDB5FB /* AppDelegate.m in Sources */,
				6CC96DCB29232CDE00FDB5FB /* main.m in Sources */,
				6CC96DBD29232CDB00FDB5FB /* SceneDelegate.m in Sources */,
			);
			runOnlyForDeploymentPostprocessing = 0;
		};
/* End PBXSourcesBuildPhase section */

/* Begin PBXVariantGroup section */
		6CC96DC129232CDB00FDB5FB /* Main.storyboard */ = {
			isa = PBXVariantGroup;
			children = (
				6CC96DC229232CDB00FDB5FB /* Base */,
			);
			name = Main.storyboard;
			sourceTree = "<group>";
		};
		6CC96DC629232CDE00FDB5FB /* LaunchScreen.storyboard */ = {
			isa = PBXVariantGroup;
			children = (
				6CC96DC729232CDE00FDB5FB /* Base */,
			);
			name = LaunchScreen.storyboard;
			sourceTree = "<group>";
		};
/* End PBXVariantGroup section */

/* Begin XCBuildConfiguration section */
		6CC96DCC29232CDE00FDB5FB /* Debug */ = {
			isa = XCBuildConfiguration;
			buildSettings = {
				ALWAYS_SEARCH_USER_PATHS = NO;
				CLANG_ANALYZER_NONNULL = YES;
				CLANG_ANALYZER_NUMBER_OBJECT_CONVERSION = YES_AGGRESSIVE;
				CLANG_CXX_LANGUAGE_STANDARD = "gnu++17";
				CLANG_ENABLE_MODULES = YES;
				CLANG_ENABLE_OBJC_ARC = YES;
				CLANG_ENABLE_OBJC_WEAK = YES;
				CLANG_WARN_BLOCK_CAPTURE_AUTORELEASING = YES;
				CLANG_WARN_BOOL_CONVERSION = YES;
				CLANG_WARN_COMMA = YES;
				CLANG_WARN_CONSTANT_CONVERSION = YES;
				CLANG_WARN_DEPRECATED_OBJC_IMPLEMENTATIONS = YES;
				CLANG_WARN_DIRECT_OBJC_ISA_USAGE = YES_ERROR;
				CLANG_WARN_DOCUMENTATION_COMMENTS = YES;
				CLANG_WARN_EMPTY_BODY = YES;
				CLANG_WARN_ENUM_CONVERSION = YES;
				CLANG_WARN_INFINITE_RECURSION = YES;
				CLANG_WARN_INT_CONVERSION = YES;
				CLANG_WARN_NON_LITERAL_NULL_CONVERSION = YES;
				CLANG_WARN_OBJC_IMPLICIT_RETAIN_SELF = YES;
				CLANG_WARN_OBJC_LITERAL_CONVERSION = YES;
				CLANG_WARN_OBJC_ROOT_CLASS = YES_ERROR;
				CLANG_WARN_QUOTED_INCLUDE_IN_FRAMEWORK_HEADER = YES;
				CLANG_WARN_RANGE_LOOP_ANALYSIS = YES;
				CLANG_WARN_STRICT_PROTOTYPES = YES;
				CLANG_WARN_SUSPICIOUS_MOVE = YES;
				CLANG_WARN_UNGUARDED_AVAILABILITY = YES_AGGRESSIVE;
				CLANG_WARN_UNREACHABLE_CODE = YES;
				CLANG_WARN__DUPLICATE_METHOD_MATCH = YES;
				COPY_PHASE_STRIP = NO;
				DEBUG_INFORMATION_FORMAT = dwarf;
				ENABLE_STRICT_OBJC_MSGSEND = YES;
				ENABLE_TESTABILITY = YES;
				GCC_C_LANGUAGE_STANDARD = gnu11;
				GCC_DYNAMIC_NO_PIC = NO;
				GCC_NO_COMMON_BLOCKS = YES;
				GCC_OPTIMIZATION_LEVEL = 0;
				GCC_PREPROCESSOR_DEFINITIONS = (
					"DEBUG=1",
					"$(inherited)",
				);
				GCC_WARN_64_TO_32_BIT_CONVERSION = YES;
				GCC_WARN_ABOUT_RETURN_TYPE = YES_ERROR;
				GCC_WARN_UNDECLARED_SELECTOR = YES;
				GCC_WARN_UNINITIALIZED_AUTOS = YES_AGGRESSIVE;
				GCC_WARN_UNUSED_FUNCTION = YES;
				GCC_WARN_UNUSED_VARIABLE = YES;
				IPHONEOS_DEPLOYMENT_TARGET = 15.4;
				MTL_ENABLE_DEBUG_INFO = INCLUDE_SOURCE;
				MTL_FAST_MATH = YES;
				ONLY_ACTIVE_ARCH = YES;
				SDKROOT = iphoneos;
			};
			name = Debug;
		};
		6CC96DCD29232CDE00FDB5FB /* Release */ = {
			isa = XCBuildConfiguration;
			buildSettings = {
				ALWAYS_SEARCH_USER_PATHS = NO;
				CLANG_ANALYZER_NONNULL = YES;
				CLANG_ANALYZER_NUMBER_OBJECT_CONVERSION = YES_AGGRESSIVE;
				CLANG_CXX_LANGUAGE_STANDARD = "gnu++17";
				CLANG_ENABLE_MODULES = YES;
				CLANG_ENABLE_OBJC_ARC = YES;
				CLANG_ENABLE_OBJC_WEAK = YES;
				CLANG_WARN_BLOCK_CAPTURE_AUTORELEASING = YES;
				CLANG_WARN_BOOL_CONVERSION = YES;
				CLANG_WARN_COMMA = YES;
				CLANG_WARN_CONSTANT_CONVERSION = YES;
				CLANG_WARN_DEPRECATED_OBJC_IMPLEMENTATIONS = YES;
				CLANG_WARN_DIRECT_OBJC_ISA_USAGE = YES_ERROR;
				CLANG_WARN_DOCUMENTATION_COMMENTS = YES;
				CLANG_WARN_EMPTY_BODY = YES;
				CLANG_WARN_ENUM_CONVERSION = YES;
				CLANG_WARN_INFINITE_RECURSION = YES;
				CLANG_WARN_INT_CONVERSION = YES;
				CLANG_WARN_NON_LITERAL_NULL_CONVERSION = YES;
				CLANG_WARN_OBJC_IMPLICIT_RETAIN_SELF = YES;
				CLANG_WARN_OBJC_LITERAL_CONVERSION = YES;
				CLANG_WARN_OBJC_ROOT_CLASS = YES_ERROR;
				CLANG_WARN_QUOTED_INCLUDE_IN_FRAMEWORK_HEADER = YES;
				CLANG_WARN_RANGE_LOOP_ANALYSIS = YES;
				CLANG_WARN_STRICT_PROTOTYPES = YES;
				CLANG_WARN_SUSPICIOUS_MOVE = YES;
				CLANG_WARN_UNGUARDED_AVAILABILITY = YES_AGGRESSIVE;
				CLANG_WARN_UNREACHABLE_CODE = YES;
				CLANG_WARN__DUPLICATE_METHOD_MATCH = YES;
				COPY_PHASE_STRIP = NO;
				DEBUG_INFORMATION_FORMAT = "dwarf-with-dsym";
				ENABLE_NS_ASSERTIONS = NO;
				ENABLE_STRICT_OBJC_MSGSEND = YES;
				GCC_C_LANGUAGE_STANDARD = gnu11;
				GCC_NO_COMMON_BLOCKS = YES;
				GCC_WARN_64_TO_32_BIT_CONVERSION = YES;
				GCC_WARN_ABOUT_RETURN_TYPE = YES_ERROR;
				GCC_WARN_UNDECLARED_SELECTOR = YES;
				GCC_WARN_UNINITIALIZED_AUTOS = YES_AGGRESSIVE;
				GCC_WARN_UNUSED_FUNCTION = YES;
				GCC_WARN_UNUSED_VARIABLE = YES;
				IPHONEOS_DEPLOYMENT_TARGET = 15.4;
				MTL_ENABLE_DEBUG_INFO = NO;
				MTL_FAST_MATH = YES;
				SDKROOT = iphoneos;
				VALIDATE_PRODUCT = YES;
			};
			name = Release;
		};
		6CC96DCF29232CDE00FDB5FB /* Debug */ = {
			isa = XCBuildConfiguration;
			buildSettings = {
				ASSETCATALOG_COMPILER_APPICON_NAME = AppIcon;
				ASSETCATALOG_COMPILER_GLOBAL_ACCENT_COLOR_NAME = AccentColor;
				CODE_SIGN_STYLE = Automatic;
				CURRENT_PROJECT_VERSION = 1;
				GENERATE_INFOPLIST_FILE = YES;
				INFOPLIST_FILE = ProducerAndConsumer/Info.plist;
				INFOPLIST_KEY_UIApplicationSupportsIndirectInputEvents = YES;
				INFOPLIST_KEY_UILaunchStoryboardName = LaunchScreen;
				INFOPLIST_KEY_UIMainStoryboardFile = Main;
				INFOPLIST_KEY_UISupportedInterfaceOrientations_iPad = "UIInterfaceOrientationPortrait UIInterfaceOrientationPortraitUpsideDown UIInterfaceOrientationLandscapeLeft UIInterfaceOrientationLandscapeRight";
				INFOPLIST_KEY_UISupportedInterfaceOrientations_iPhone = "UIInterfaceOrientationPortrait UIInterfaceOrientationLandscapeLeft UIInterfaceOrientationLandscapeRight";
				LD_RUNPATH_SEARCH_PATHS = (
					"$(inherited)",
					"@executable_path/Frameworks",
				);
				MARKETING_VERSION = 1.0;
				PRODUCT_BUNDLE_IDENTIFIER = com.chenxi.ProducerAndConsumer;
				PRODUCT_NAME = "$(TARGET_NAME)";
				SWIFT_EMIT_LOC_STRINGS = YES;
				TARGETED_DEVICE_FAMILY = "1,2";
			};
			name = Debug;
		};
		6CC96DD029232CDE00FDB5FB /* Release */ = {
			isa = XCBuildConfiguration;
			buildSettings = {
				ASSETCATALOG_COMPILER_APPICON_NAME = AppIcon;
				ASSETCATALOG_COMPILER_GLOBAL_ACCENT_COLOR_NAME = AccentColor;
				CODE_SIGN_STYLE = Automatic;
				CURRENT_PROJECT_VERSION = 1;
				GENERATE_INFOPLIST_FILE = YES;
				INFOPLIST_FILE = ProducerAndConsumer/Info.plist;
				INFOPLIST_KEY_UIApplicationSupportsIndirectInputEvents = YES;
				INFOPLIST_KEY_UILaunchStoryboardName = LaunchScreen;
				INFOPLIST_KEY_UIMainStoryboardFile = Main;
				INFOPLIST_KEY_UISupportedInterfaceOrientations_iPad = "UIInterfaceOrientationPortrait UIInterfaceOrientationPortraitUpsideDown UIInterfaceOrientationLandscapeLeft UIInterfaceOrientationLandscapeRight";
				INFOPLIST_KEY_UISupportedInterfaceOrientations_iPhone = "UIInterfaceOrientationPortrait UIInterfaceOrientationLandscapeLeft UIInterfaceOrientationLandscapeRight";
				LD_RUNPATH_SEARCH_PATHS = (
					"$(inherited)",
					"@executable_path/Frameworks",
				);
				MARKETING_VERSION = 1.0;
				PRODUCT_BUNDLE_IDENTIFIER = com.chenxi.ProducerAndConsumer;
				PRODUCT_NAME = "$(TARGET_NAME)";
				SWIFT_EMIT_LOC_STRINGS = YES;
				TARGETED_DEVICE_FAMILY = "1,2";
			};
			name = Release;
		};
/* End XCBuildConfiguration section */

/* Begin XCConfigurationList section */
		6CC96DB029232CDB00FDB5FB /* Build configuration list for PBXProject "ProducerAndConsumer" */ = {
			isa = XCConfigurationList;
			buildConfigurations = (
				6CC96DCC29232CDE00FDB5FB /* Debug */,
				6CC96DCD29232CDE00FDB5FB /* Release */,
			);
			defaultConfigurationIsVisible = 0;
			defaultConfigurationName = Release;
		};
		6CC96DCE29232CDE00FDB5FB /* Build configuration list for PBXNativeTarget "ProducerAndConsumer" */ = {
			isa = XCConfigurationList;
			buildConfigurations = (
				6CC96DCF29232CDE00FDB5FB /* Debug */,
				6CC96DD029232CDE00FDB5FB /* Release */,
			);
			defaultConfigurationIsVisible = 0;
			defaultConfigurationName = Release;
		};
/* End XCConfigurationList section */
	};
	rootObject = 6CC96DAD29232CDB00FDB5FB /* Project object */;
}
