// !$*UTF8*$!
{
	archiveVersion = 1;
	classes = {
	};
	objectVersion = 56;
	objects = {

/* Begin PBXBuildFile section */
		6CF6A9172A9EDC5300F84B4E /* GroceryDeliveryAppApp.swift in Sources */ = {isa = PBXBuildFile; fileRef = 6CF6A9162A9EDC5300F84B4E /* GroceryDeliveryAppApp.swift */; };
		6CF6A9192A9EDC5300F84B4E /* ContentView.swift in Sources */ = {isa = PBXBuildFile; fileRef = 6CF6A9182A9EDC5300F84B4E /* ContentView.swift */; };
		6CF6A91B2A9EDC5500F84B4E /* Assets.xcassets in Resources */ = {isa = PBXBuildFile; fileRef = 6CF6A91A2A9EDC5500F84B4E /* Assets.xcassets */; };
		6CF6A91E2A9EDC5500F84B4E /* Preview Assets.xcassets in Resources */ = {isa = PBXBuildFile; fileRef = 6CF6A91D2A9EDC5500F84B4E /* Preview Assets.xcassets */; };
		6CF6A92B2A9EDCB100F84B4E /* WidgetKit.framework in Frameworks */ = {isa = PBXBuildFile; fileRef = 6CF6A92A2A9EDCB100F84B4E /* WidgetKit.framework */; };
		6CF6A92D2A9EDCB100F84B4E /* SwiftUI.framework in Frameworks */ = {isa = PBXBuildFile; fileRef = 6CF6A92C2A9EDCB100F84B4E /* SwiftUI.framework */; };
		6CF6A9302A9EDCB100F84B4E /* DeliveryTrackWidgetBundle.swift in Sources */ = {isa = PBXBuildFile; fileRef = 6CF6A92F2A9EDCB100F84B4E /* DeliveryTrackWidgetBundle.swift */; };
		6CF6A9322A9EDCB100F84B4E /* DeliveryTrackWidgetLiveActivity.swift in Sources */ = {isa = PBXBuildFile; fileRef = 6CF6A9312A9EDCB100F84B4E /* DeliveryTrackWidgetLiveActivity.swift */; };
		6CF6A9342A9EDCB100F84B4E /* DeliveryTrackWidget.swift in Sources */ = {isa = PBXBuildFile; fileRef = 6CF6A9332A9EDCB100F84B4E /* DeliveryTrackWidget.swift */; };
		6CF6A9372A9EDCB200F84B4E /* Assets.xcassets in Resources */ = {isa = PBXBuildFile; fileRef = 6CF6A9362A9EDCB200F84B4E /* Assets.xcassets */; };
		6CF6A9392A9EDCB200F84B4E /* DeliveryTrackWidget.intentdefinition in Sources */ = {isa = PBXBuildFile; fileRef = 6CF6A9352A9EDCB100F84B4E /* DeliveryTrackWidget.intentdefinition */; };
		6CF6A93A2A9EDCB200F84B4E /* DeliveryTrackWidget.intentdefinition in Sources */ = {isa = PBXBuildFile; fileRef = 6CF6A9352A9EDCB100F84B4E /* DeliveryTrackWidget.intentdefinition */; };
		6CF6A93D2A9EDCB200F84B4E /* DeliveryTrackWidgetExtension.appex in Embed Foundation Extensions */ = {isa = PBXBuildFile; fileRef = 6CF6A9282A9EDCB100F84B4E /* DeliveryTrackWidgetExtension.appex */; settings = {ATTRIBUTES = (RemoveHeadersOnCopy, ); }; };
		6CF6A9442A9EF25B00F84B4E /* GroceryDeliverViewModel.swift in Sources */ = {isa = PBXBuildFile; fileRef = 6CF6A9432A9EF25B00F84B4E /* GroceryDeliverViewModel.swift */; };
		6CF6A9472A9EF2FD00F84B4E /* DeliveryTrackAttributes.swift in Sources */ = {isa = PBXBuildFile; fileRef = 6CF6A9462A9EF2FD00F84B4E /* DeliveryTrackAttributes.swift */; };
		6CF6A9482A9EF30B00F84B4E /* DeliveryTrackAttributes.swift in Sources */ = {isa = PBXBuildFile; fileRef = 6CF6A9462A9EF2FD00F84B4E /* DeliveryTrackAttributes.swift */; };
		6CF6A94B2A9F2CC300F84B4E /* README.md in Resources */ = {isa = PBXBuildFile; fileRef = 6CF6A94A2A9F2CC300F84B4E /* README.md */; };
/* End PBXBuildFile section */

/* Begin PBXContainerItemProxy section */
		6CF6A93B2A9EDCB200F84B4E /* PBXContainerItemProxy */ = {
			isa = PBXContainerItemProxy;
			containerPortal = 6CF6A90B2A9EDC5300F84B4E /* Project object */;
			proxyType = 1;
			remoteGlobalIDString = 6CF6A9272A9EDCB100F84B4E;
			remoteInfo = DeliveryTrackWidgetExtension;
		};
/* End PBXContainerItemProxy section */

/* Begin PBXCopyFilesBuildPhase section */
		6CF6A9412A9EDCB200F84B4E /* Embed Foundation Extensions */ = {
			isa = PBXCopyFilesBuildPhase;
			buildActionMask = 2147483647;
			dstPath = "";
			dstSubfolderSpec = 13;
			files = (
				6CF6A93D2A9EDCB200F84B4E /* DeliveryTrackWidgetExtension.appex in Embed Foundation Extensions */,
			);
			name = "Embed Foundation Extensions";
			runOnlyForDeploymentPostprocessing = 0;
		};
/* End PBXCopyFilesBuildPhase section */

/* Begin PBXFileReference section */
		6CF6A9132A9EDC5300F84B4E /* GroceryDeliveryApp.app */ = {isa = PBXFileReference; explicitFileType = wrapper.application; includeInIndex = 0; path = GroceryDeliveryApp.app; sourceTree = BUILT_PRODUCTS_DIR; };
		6CF6A9162A9EDC5300F84B4E /* GroceryDeliveryAppApp.swift */ = {isa = PBXFileReference; lastKnownFileType = sourcecode.swift; path = GroceryDeliveryAppApp.swift; sourceTree = "<group>"; };
		6CF6A9182A9EDC5300F84B4E /* ContentView.swift */ = {isa = PBXFileReference; lastKnownFileType = sourcecode.swift; path = ContentView.swift; sourceTree = "<group>"; };
		6CF6A91A2A9EDC5500F84B4E /* Assets.xcassets */ = {isa = PBXFileReference; lastKnownFileType = folder.assetcatalog; path = Assets.xcassets; sourceTree = "<group>"; };
		6CF6A91D2A9EDC5500F84B4E /* Preview Assets.xcassets */ = {isa = PBXFileReference; lastKnownFileType = folder.assetcatalog; path = "Preview Assets.xcassets"; sourceTree = "<group>"; };
		6CF6A9282A9EDCB100F84B4E /* DeliveryTrackWidgetExtension.appex */ = {isa = PBXFileReference; explicitFileType = "wrapper.app-extension"; includeInIndex = 0; path = DeliveryTrackWidgetExtension.appex; sourceTree = BUILT_PRODUCTS_DIR; };
		6CF6A92A2A9EDCB100F84B4E /* WidgetKit.framework */ = {isa = PBXFileReference; lastKnownFileType = wrapper.framework; name = WidgetKit.framework; path = System/Library/Frameworks/WidgetKit.framework; sourceTree = SDKROOT; };
		6CF6A92C2A9EDCB100F84B4E /* SwiftUI.framework */ = {isa = PBXFileReference; lastKnownFileType = wrapper.framework; name = SwiftUI.framework; path = System/Library/Frameworks/SwiftUI.framework; sourceTree = SDKROOT; };
		6CF6A92F2A9EDCB100F84B4E /* DeliveryTrackWidgetBundle.swift */ = {isa = PBXFileReference; lastKnownFileType = sourcecode.swift; path = DeliveryTrackWidgetBundle.swift; sourceTree = "<group>"; };
		6CF6A9312A9EDCB100F84B4E /* DeliveryTrackWidgetLiveActivity.swift */ = {isa = PBXFileReference; lastKnownFileType = sourcecode.swift; path = DeliveryTrackWidgetLiveActivity.swift; sourceTree = "<group>"; };
		6CF6A9332A9EDCB100F84B4E /* DeliveryTrackWidget.swift */ = {isa = PBXFileReference; lastKnownFileType = sourcecode.swift; path = DeliveryTrackWidget.swift; sourceTree = "<group>"; };
		6CF6A9352A9EDCB100F84B4E /* DeliveryTrackWidget.intentdefinition */ = {isa = PBXFileReference; lastKnownFileType = file.intentdefinition; path = DeliveryTrackWidget.intentdefinition; sourceTree = "<group>"; };
		6CF6A9362A9EDCB200F84B4E /* Assets.xcassets */ = {isa = PBXFileReference; lastKnownFileType = folder.assetcatalog; path = Assets.xcassets; sourceTree = "<group>"; };
		6CF6A9382A9EDCB200F84B4E /* Info.plist */ = {isa = PBXFileReference; lastKnownFileType = text.plist.xml; path = Info.plist; sourceTree = "<group>"; };
		6CF6A9422A9EF22000F84B4E /* Info.plist */ = {isa = PBXFileReference; lastKnownFileType = text.plist; path = Info.plist; sourceTree = "<group>"; };
		6CF6A9432A9EF25B00F84B4E /* GroceryDeliverViewModel.swift */ = {isa = PBXFileReference; lastKnownFileType = sourcecode.swift; path = GroceryDeliverViewModel.swift; sourceTree = "<group>"; };
		6CF6A9462A9EF2FD00F84B4E /* DeliveryTrackAttributes.swift */ = {isa = PBXFileReference; lastKnownFileType = sourcecode.swift; path = DeliveryTrackAttributes.swift; sourceTree = "<group>"; };
		6CF6A9492A9EF8BB00F84B4E /* GroceryDeliveryApp.entitlements */ = {isa = PBXFileReference; lastKnownFileType = text.plist.entitlements; path = GroceryDeliveryApp.entitlements; sourceTree = "<group>"; };
		6CF6A94A2A9F2CC300F84B4E /* README.md */ = {isa = PBXFileReference; fileEncoding = 4; lastKnownFileType = net.daringfireball.markdown; path = README.md; sourceTree = "<group>"; };
/* End PBXFileReference section */

/* Begin PBXFrameworksBuildPhase section */
		6CF6A9102A9EDC5300F84B4E /* Frameworks */ = {
			isa = PBXFrameworksBuildPhase;
			buildActionMask = 2147483647;
			files = (
			);
			runOnlyForDeploymentPostprocessing = 0;
		};
		6CF6A9252A9EDCB100F84B4E /* Frameworks */ = {
			isa = PBXFrameworksBuildPhase;
			buildActionMask = 2147483647;
			files = (
				6CF6A92D2A9EDCB100F84B4E /* SwiftUI.framework in Frameworks */,
				6CF6A92B2A9EDCB100F84B4E /* WidgetKit.framework in Frameworks */,
			);
			runOnlyForDeploymentPostprocessing = 0;
		};
/* End PBXFrameworksBuildPhase section */

/* Begin PBXGroup section */
		6CF6A90A2A9EDC5300F84B4E = {
			isa = PBXGroup;
			children = (
				6CF6A94A2A9F2CC300F84B4E /* README.md */,
				6CF6A9452A9EF2F300F84B4E /* Shared */,
				6CF6A9152A9EDC5300F84B4E /* GroceryDeliveryApp */,
				6CF6A92E2A9EDCB100F84B4E /* DeliveryTrackWidget */,
				6CF6A9292A9EDCB100F84B4E /* Frameworks */,
				6CF6A9142A9EDC5300F84B4E /* Products */,
			);
			sourceTree = "<group>";
		};
		6CF6A9142A9EDC5300F84B4E /* Products */ = {
			isa = PBXGroup;
			children = (
				6CF6A9132A9EDC5300F84B4E /* GroceryDeliveryApp.app */,
				6CF6A9282A9EDCB100F84B4E /* DeliveryTrackWidgetExtension.appex */,
			);
			name = Products;
			sourceTree = "<group>";
		};
		6CF6A9152A9EDC5300F84B4E /* GroceryDeliveryApp */ = {
			isa = PBXGroup;
			children = (
				6CF6A9492A9EF8BB00F84B4E /* GroceryDeliveryApp.entitlements */,
				6CF6A9422A9EF22000F84B4E /* Info.plist */,
				6CF6A9162A9EDC5300F84B4E /* GroceryDeliveryAppApp.swift */,
				6CF6A9182A9EDC5300F84B4E /* ContentView.swift */,
				6CF6A9432A9EF25B00F84B4E /* GroceryDeliverViewModel.swift */,
				6CF6A91A2A9EDC5500F84B4E /* Assets.xcassets */,
				6CF6A91C2A9EDC5500F84B4E /* Preview Content */,
			);
			path = GroceryDeliveryApp;
			sourceTree = "<group>";
		};
		6CF6A91C2A9EDC5500F84B4E /* Preview Content */ = {
			isa = PBXGroup;
			children = (
				6CF6A91D2A9EDC5500F84B4E /* Preview Assets.xcassets */,
			);
			path = "Preview Content";
			sourceTree = "<group>";
		};
		6CF6A9292A9EDCB100F84B4E /* Frameworks */ = {
			isa = PBXGroup;
			children = (
				6CF6A92A2A9EDCB100F84B4E /* WidgetKit.framework */,
				6CF6A92C2A9EDCB100F84B4E /* SwiftUI.framework */,
			);
			name = Frameworks;
			sourceTree = "<group>";
		};
		6CF6A92E2A9EDCB100F84B4E /* DeliveryTrackWidget */ = {
			isa = PBXGroup;
			children = (
				6CF6A92F2A9EDCB100F84B4E /* DeliveryTrackWidgetBundle.swift */,
				6CF6A9312A9EDCB100F84B4E /* DeliveryTrackWidgetLiveActivity.swift */,
				6CF6A9332A9EDCB100F84B4E /* DeliveryTrackWidget.swift */,
				6CF6A9352A9EDCB100F84B4E /* DeliveryTrackWidget.intentdefinition */,
				6CF6A9362A9EDCB200F84B4E /* Assets.xcassets */,
				6CF6A9382A9EDCB200F84B4E /* Info.plist */,
			);
			path = DeliveryTrackWidget;
			sourceTree = "<group>";
		};
		6CF6A9452A9EF2F300F84B4E /* Shared */ = {
			isa = PBXGroup;
			children = (
				6CF6A9462A9EF2FD00F84B4E /* DeliveryTrackAttributes.swift */,
			);
			path = Shared;
			sourceTree = "<group>";
		};
/* End PBXGroup section */

/* Begin PBXNativeTarget section */
		6CF6A9122A9EDC5300F84B4E /* GroceryDeliveryApp */ = {
			isa = PBXNativeTarget;
			buildConfigurationList = 6CF6A9212A9EDC5500F84B4E /* Build configuration list for PBXNativeTarget "GroceryDeliveryApp" */;
			buildPhases = (
				6CF6A90F2A9EDC5300F84B4E /* Sources */,
				6CF6A9102A9EDC5300F84B4E /* Frameworks */,
				6CF6A9112A9EDC5300F84B4E /* Resources */,
				6CF6A9412A9EDCB200F84B4E /* Embed Foundation Extensions */,
			);
			buildRules = (
			);
			dependencies = (
				6CF6A93C2A9EDCB200F84B4E /* PBXTargetDependency */,
			);
			name = GroceryDeliveryApp;
			productName = GroceryDeliveryApp;
			productReference = 6CF6A9132A9EDC5300F84B4E /* GroceryDeliveryApp.app */;
			productType = "com.apple.product-type.application";
		};
		6CF6A9272A9EDCB100F84B4E /* DeliveryTrackWidgetExtension */ = {
			isa = PBXNativeTarget;
			buildConfigurationList = 6CF6A93E2A9EDCB200F84B4E /* Build configuration list for PBXNativeTarget "DeliveryTrackWidgetExtension" */;
			buildPhases = (
				6CF6A9242A9EDCB100F84B4E /* Sources */,
				6CF6A9252A9EDCB100F84B4E /* Frameworks */,
				6CF6A9262A9EDCB100F84B4E /* Resources */,
			);
			buildRules = (
			);
			dependencies = (
			);
			name = DeliveryTrackWidgetExtension;
			productName = DeliveryTrackWidgetExtension;
			productReference = 6CF6A9282A9EDCB100F84B4E /* DeliveryTrackWidgetExtension.appex */;
			productType = "com.apple.product-type.app-extension";
		};
/* End PBXNativeTarget section */

/* Begin PBXProject section */
		6CF6A90B2A9EDC5300F84B4E /* Project object */ = {
			isa = PBXProject;
			attributes = {
				BuildIndependentTargetsInParallel = 1;
				LastSwiftUpdateCheck = 1420;
				LastUpgradeCheck = 1420;
				TargetAttributes = {
					6CF6A9122A9EDC5300F84B4E = {
						CreatedOnToolsVersion = 14.2;
					};
					6CF6A9272A9EDCB100F84B4E = {
						CreatedOnToolsVersion = 14.2;
					};
				};
			};
			buildConfigurationList = 6CF6A90E2A9EDC5300F84B4E /* Build configuration list for PBXProject "GroceryDeliveryApp" */;
			compatibilityVersion = "Xcode 14.0";
			developmentRegion = en;
			hasScannedForEncodings = 0;
			knownRegions = (
				en,
				Base,
			);
			mainGroup = 6CF6A90A2A9EDC5300F84B4E;
			productRefGroup = 6CF6A9142A9EDC5300F84B4E /* Products */;
			projectDirPath = "";
			projectRoot = "";
			targets = (
				6CF6A9122A9EDC5300F84B4E /* GroceryDeliveryApp */,
				6CF6A9272A9EDCB100F84B4E /* DeliveryTrackWidgetExtension */,
			);
		};
/* End PBXProject section */

/* Begin PBXResourcesBuildPhase section */
		6CF6A9112A9EDC5300F84B4E /* Resources */ = {
			isa = PBXResourcesBuildPhase;
			buildActionMask = 2147483647;
			files = (
				6CF6A94B2A9F2CC300F84B4E /* README.md in Resources */,
				6CF6A91E2A9EDC5500F84B4E /* Preview Assets.xcassets in Resources */,
				6CF6A91B2A9EDC5500F84B4E /* Assets.xcassets in Resources */,
			);
			runOnlyForDeploymentPostprocessing = 0;
		};
		6CF6A9262A9EDCB100F84B4E /* Resources */ = {
			isa = PBXResourcesBuildPhase;
			buildActionMask = 2147483647;
			files = (
				6CF6A9372A9EDCB200F84B4E /* Assets.xcassets in Resources */,
			);
			runOnlyForDeploymentPostprocessing = 0;
		};
/* End PBXResourcesBuildPhase section */

/* Begin PBXSourcesBuildPhase section */
		6CF6A90F2A9EDC5300F84B4E /* Sources */ = {
			isa = PBXSourcesBuildPhase;
			buildActionMask = 2147483647;
			files = (
				6CF6A9192A9EDC5300F84B4E /* ContentView.swift in Sources */,
				6CF6A93A2A9EDCB200F84B4E /* DeliveryTrackWidget.intentdefinition in Sources */,
				6CF6A9442A9EF25B00F84B4E /* GroceryDeliverViewModel.swift in Sources */,
				6CF6A9472A9EF2FD00F84B4E /* DeliveryTrackAttributes.swift in Sources */,
				6CF6A9172A9EDC5300F84B4E /* GroceryDeliveryAppApp.swift in Sources */,
			);
			runOnlyForDeploymentPostprocessing = 0;
		};
		6CF6A9242A9EDCB100F84B4E /* Sources */ = {
			isa = PBXSourcesBuildPhase;
			buildActionMask = 2147483647;
			files = (
				6CF6A9322A9EDCB100F84B4E /* DeliveryTrackWidgetLiveActivity.swift in Sources */,
				6CF6A9302A9EDCB100F84B4E /* DeliveryTrackWidgetBundle.swift in Sources */,
				6CF6A9392A9EDCB200F84B4E /* DeliveryTrackWidget.intentdefinition in Sources */,
				6CF6A9482A9EF30B00F84B4E /* DeliveryTrackAttributes.swift in Sources */,
				6CF6A9342A9EDCB100F84B4E /* DeliveryTrackWidget.swift in Sources */,
			);
			runOnlyForDeploymentPostprocessing = 0;
		};
/* End PBXSourcesBuildPhase section */

/* Begin PBXTargetDependency section */
		6CF6A93C2A9EDCB200F84B4E /* PBXTargetDependency */ = {
			isa = PBXTargetDependency;
			target = 6CF6A9272A9EDCB100F84B4E /* DeliveryTrackWidgetExtension */;
			targetProxy = 6CF6A93B2A9EDCB200F84B4E /* PBXContainerItemProxy */;
		};
/* End PBXTargetDependency section */

/* Begin XCBuildConfiguration section */
		6CF6A91F2A9EDC5500F84B4E /* Debug */ = {
			isa = XCBuildConfiguration;
			buildSettings = {
				ALWAYS_SEARCH_USER_PATHS = NO;
				CLANG_ANALYZER_NONNULL = YES;
				CLANG_ANALYZER_NUMBER_OBJECT_CONVERSION = YES_AGGRESSIVE;
				CLANG_CXX_LANGUAGE_STANDARD = "gnu++20";
				CLANG_ENABLE_MODULES = YES;
				CLANG_ENABLE_OBJC_ARC = YES;
				CLANG_ENABLE_OBJC_WEAK = YES;
				CLANG_WARN_BLOCK_CAPTURE_AUTORELEASING = YES;
				CLANG_WARN_BOOL_CONVERSION = YES;
				CLANG_WARN_COMMA = YES;
				CLANG_WARN_CONSTANT_CONVERSION = YES;
				CLANG_WARN_DEPRECATED_OBJC_IMPLEMENTATIONS = YES;
				CLANG_WARN_DIRECT_OBJC_ISA_USAGE = YES_ERROR;
				CLANG_WARN_DOCUMENTATION_COMMENTS = YES;
				CLANG_WARN_EMPTY_BODY = YES;
				CLANG_WARN_ENUM_CONVERSION = YES;
				CLANG_WARN_INFINITE_RECURSION = YES;
				CLANG_WARN_INT_CONVERSION = YES;
				CLANG_WARN_NON_LITERAL_NULL_CONVERSION = YES;
				CLANG_WARN_OBJC_IMPLICIT_RETAIN_SELF = YES;
				CLANG_WARN_OBJC_LITERAL_CONVERSION = YES;
				CLANG_WARN_OBJC_ROOT_CLASS = YES_ERROR;
				CLANG_WARN_QUOTED_INCLUDE_IN_FRAMEWORK_HEADER = YES;
				CLANG_WARN_RANGE_LOOP_ANALYSIS = YES;
				CLANG_WARN_STRICT_PROTOTYPES = YES;
				CLANG_WARN_SUSPICIOUS_MOVE = YES;
				CLANG_WARN_UNGUARDED_AVAILABILITY = YES_AGGRESSIVE;
				CLANG_WARN_UNREACHABLE_CODE = YES;
				CLANG_WARN__DUPLICATE_METHOD_MATCH = YES;
				COPY_PHASE_STRIP = NO;
				DEBUG_INFORMATION_FORMAT = dwarf;
				ENABLE_STRICT_OBJC_MSGSEND = YES;
				ENABLE_TESTABILITY = YES;
				GCC_C_LANGUAGE_STANDARD = gnu11;
				GCC_DYNAMIC_NO_PIC = NO;
				GCC_NO_COMMON_BLOCKS = YES;
				GCC_OPTIMIZATION_LEVEL = 0;
				GCC_PREPROCESSOR_DEFINITIONS = (
					"DEBUG=1",
					"$(inherited)",
				);
				GCC_WARN_64_TO_32_BIT_CONVERSION = YES;
				GCC_WARN_ABOUT_RETURN_TYPE = YES_ERROR;
				GCC_WARN_UNDECLARED_SELECTOR = YES;
				GCC_WARN_UNINITIALIZED_AUTOS = YES_AGGRESSIVE;
				GCC_WARN_UNUSED_FUNCTION = YES;
				GCC_WARN_UNUSED_VARIABLE = YES;
				IPHONEOS_DEPLOYMENT_TARGET = 16.2;
				MTL_ENABLE_DEBUG_INFO = INCLUDE_SOURCE;
				MTL_FAST_MATH = YES;
				ONLY_ACTIVE_ARCH = YES;
				SDKROOT = iphoneos;
				SWIFT_ACTIVE_COMPILATION_CONDITIONS = DEBUG;
				SWIFT_OPTIMIZATION_LEVEL = "-Onone";
			};
			name = Debug;
		};
		6CF6A9202A9EDC5500F84B4E /* Release */ = {
			isa = XCBuildConfiguration;
			buildSettings = {
				ALWAYS_SEARCH_USER_PATHS = NO;
				CLANG_ANALYZER_NONNULL = YES;
				CLANG_ANALYZER_NUMBER_OBJECT_CONVERSION = YES_AGGRESSIVE;
				CLANG_CXX_LANGUAGE_STANDARD = "gnu++20";
				CLANG_ENABLE_MODULES = YES;
				CLANG_ENABLE_OBJC_ARC = YES;
				CLANG_ENABLE_OBJC_WEAK = YES;
				CLANG_WARN_BLOCK_CAPTURE_AUTORELEASING = YES;
				CLANG_WARN_BOOL_CONVERSION = YES;
				CLANG_WARN_COMMA = YES;
				CLANG_WARN_CONSTANT_CONVERSION = YES;
				CLANG_WARN_DEPRECATED_OBJC_IMPLEMENTATIONS = YES;
				CLANG_WARN_DIRECT_OBJC_ISA_USAGE = YES_ERROR;
				CLANG_WARN_DOCUMENTATION_COMMENTS = YES;
				CLANG_WARN_EMPTY_BODY = YES;
				CLANG_WARN_ENUM_CONVERSION = YES;
				CLANG_WARN_INFINITE_RECURSION = YES;
				CLANG_WARN_INT_CONVERSION = YES;
				CLANG_WARN_NON_LITERAL_NULL_CONVERSION = YES;
				CLANG_WARN_OBJC_IMPLICIT_RETAIN_SELF = YES;
				CLANG_WARN_OBJC_LITERAL_CONVERSION = YES;
				CLANG_WARN_OBJC_ROOT_CLASS = YES_ERROR;
				CLANG_WARN_QUOTED_INCLUDE_IN_FRAMEWORK_HEADER = YES;
				CLANG_WARN_RANGE_LOOP_ANALYSIS = YES;
				CLANG_WARN_STRICT_PROTOTYPES = YES;
				CLANG_WARN_SUSPICIOUS_MOVE = YES;
				CLANG_WARN_UNGUARDED_AVAILABILITY = YES_AGGRESSIVE;
				CLANG_WARN_UNREACHABLE_CODE = YES;
				CLANG_WARN__DUPLICATE_METHOD_MATCH = YES;
				COPY_PHASE_STRIP = NO;
				DEBUG_INFORMATION_FORMAT = "dwarf-with-dsym";
				ENABLE_NS_ASSERTIONS = NO;
				ENABLE_STRICT_OBJC_MSGSEND = YES;
				GCC_C_LANGUAGE_STANDARD = gnu11;
				GCC_NO_COMMON_BLOCKS = YES;
				GCC_WARN_64_TO_32_BIT_CONVERSION = YES;
				GCC_WARN_ABOUT_RETURN_TYPE = YES_ERROR;
				GCC_WARN_UNDECLARED_SELECTOR = YES;
				GCC_WARN_UNINITIALIZED_AUTOS = YES_AGGRESSIVE;
				GCC_WARN_UNUSED_FUNCTION = YES;
				GCC_WARN_UNUSED_VARIABLE = YES;
				IPHONEOS_DEPLOYMENT_TARGET = 16.2;
				MTL_ENABLE_DEBUG_INFO = NO;
				MTL_FAST_MATH = YES;
				SDKROOT = iphoneos;
				SWIFT_COMPILATION_MODE = wholemodule;
				SWIFT_OPTIMIZATION_LEVEL = "-O";
				VALIDATE_PRODUCT = YES;
			};
			name = Release;
		};
		6CF6A9222A9EDC5500F84B4E /* Debug */ = {
			isa = XCBuildConfiguration;
			buildSettings = {
				ALWAYS_EMBED_SWIFT_STANDARD_LIBRARIES = YES;
				ASSETCATALOG_COMPILER_APPICON_NAME = AppIcon;
				ASSETCATALOG_COMPILER_GLOBAL_ACCENT_COLOR_NAME = AccentColor;
				CODE_SIGN_ENTITLEMENTS = GroceryDeliveryApp/GroceryDeliveryApp.entitlements;
				CODE_SIGN_STYLE = Manual;
				CURRENT_PROJECT_VERSION = 1;
				DEVELOPMENT_ASSET_PATHS = "\"GroceryDeliveryApp/Preview Content\"";
				DEVELOPMENT_TEAM = "";
				ENABLE_PREVIEWS = YES;
				GENERATE_INFOPLIST_FILE = YES;
				INFOPLIST_FILE = GroceryDeliveryApp/Info.plist;
				INFOPLIST_KEY_NSSupportsLiveActivities = YES;
				INFOPLIST_KEY_UIApplicationSceneManifest_Generation = YES;
				INFOPLIST_KEY_UIApplicationSupportsIndirectInputEvents = YES;
				INFOPLIST_KEY_UILaunchScreen_Generation = YES;
				INFOPLIST_KEY_UISupportedInterfaceOrientations_iPad = "UIInterfaceOrientationPortrait UIInterfaceOrientationPortraitUpsideDown UIInterfaceOrientationLandscapeLeft UIInterfaceOrientationLandscapeRight";
				INFOPLIST_KEY_UISupportedInterfaceOrientations_iPhone = "UIInterfaceOrientationPortrait UIInterfaceOrientationLandscapeLeft UIInterfaceOrientationLandscapeRight";
				IPHONEOS_DEPLOYMENT_TARGET = 16.1;
				LD_RUNPATH_SEARCH_PATHS = (
					"$(inherited)",
					"@executable_path/Frameworks",
				);
				MARKETING_VERSION = 1.0;
				PRODUCT_BUNDLE_IDENTIFIER = com.peak.GroceryDeliveryApp;
				PRODUCT_NAME = "$(TARGET_NAME)";
				PROVISIONING_PROFILE_SPECIFIER = "";
				SWIFT_EMIT_LOC_STRINGS = YES;
				SWIFT_VERSION = 5.0;
				TARGETED_DEVICE_FAMILY = "1,2";
			};
			name = Debug;
		};
		6CF6A9232A9EDC5500F84B4E /* Release */ = {
			isa = XCBuildConfiguration;
			buildSettings = {
				ALWAYS_EMBED_SWIFT_STANDARD_LIBRARIES = YES;
				ASSETCATALOG_COMPILER_APPICON_NAME = AppIcon;
				ASSETCATALOG_COMPILER_GLOBAL_ACCENT_COLOR_NAME = AccentColor;
				CODE_SIGN_ENTITLEMENTS = GroceryDeliveryApp/GroceryDeliveryApp.entitlements;
				CODE_SIGN_STYLE = Manual;
				CURRENT_PROJECT_VERSION = 1;
				DEVELOPMENT_ASSET_PATHS = "\"GroceryDeliveryApp/Preview Content\"";
				DEVELOPMENT_TEAM = "";
				ENABLE_PREVIEWS = YES;
				GENERATE_INFOPLIST_FILE = YES;
				INFOPLIST_FILE = GroceryDeliveryApp/Info.plist;
				INFOPLIST_KEY_NSSupportsLiveActivities = YES;
				INFOPLIST_KEY_UIApplicationSceneManifest_Generation = YES;
				INFOPLIST_KEY_UIApplicationSupportsIndirectInputEvents = YES;
				INFOPLIST_KEY_UILaunchScreen_Generation = YES;
				INFOPLIST_KEY_UISupportedInterfaceOrientations_iPad = "UIInterfaceOrientationPortrait UIInterfaceOrientationPortraitUpsideDown UIInterfaceOrientationLandscapeLeft UIInterfaceOrientationLandscapeRight";
				INFOPLIST_KEY_UISupportedInterfaceOrientations_iPhone = "UIInterfaceOrientationPortrait UIInterfaceOrientationLandscapeLeft UIInterfaceOrientationLandscapeRight";
				IPHONEOS_DEPLOYMENT_TARGET = 16.1;
				LD_RUNPATH_SEARCH_PATHS = (
					"$(inherited)",
					"@executable_path/Frameworks",
				);
				MARKETING_VERSION = 1.0;
				PRODUCT_BUNDLE_IDENTIFIER = com.peak.GroceryDeliveryApp;
				PRODUCT_NAME = "$(TARGET_NAME)";
				PROVISIONING_PROFILE_SPECIFIER = "";
				SWIFT_EMIT_LOC_STRINGS = YES;
				SWIFT_VERSION = 5.0;
				TARGETED_DEVICE_FAMILY = "1,2";
			};
			name = Release;
		};
		6CF6A93F2A9EDCB200F84B4E /* Debug */ = {
			isa = XCBuildConfiguration;
			buildSettings = {
				ASSETCATALOG_COMPILER_GLOBAL_ACCENT_COLOR_NAME = AccentColor;
				ASSETCATALOG_COMPILER_WIDGET_BACKGROUND_COLOR_NAME = WidgetBackground;
				CODE_SIGN_STYLE = Automatic;
				CURRENT_PROJECT_VERSION = 1;
				GENERATE_INFOPLIST_FILE = YES;
				INFOPLIST_FILE = DeliveryTrackWidget/Info.plist;
				INFOPLIST_KEY_CFBundleDisplayName = DeliveryTrackWidget;
				INFOPLIST_KEY_NSHumanReadableCopyright = "";
				IPHONEOS_DEPLOYMENT_TARGET = 16.0;
				LD_RUNPATH_SEARCH_PATHS = (
					"$(inherited)",
					"@executable_path/Frameworks",
					"@executable_path/../../Frameworks",
				);
				MARKETING_VERSION = 1.0;
				PRODUCT_BUNDLE_IDENTIFIER = com.peak.GroceryDeliveryApp.DeliveryTrackWidget;
				PRODUCT_NAME = "$(TARGET_NAME)";
				SKIP_INSTALL = YES;
				SWIFT_EMIT_LOC_STRINGS = YES;
				SWIFT_VERSION = 5.0;
				TARGETED_DEVICE_FAMILY = "1,2";
			};
			name = Debug;
		};
		6CF6A9402A9EDCB200F84B4E /* Release */ = {
			isa = XCBuildConfiguration;
			buildSettings = {
				ASSETCATALOG_COMPILER_GLOBAL_ACCENT_COLOR_NAME = AccentColor;
				ASSETCATALOG_COMPILER_WIDGET_BACKGROUND_COLOR_NAME = WidgetBackground;
				CODE_SIGN_STYLE = Automatic;
				CURRENT_PROJECT_VERSION = 1;
				GENERATE_INFOPLIST_FILE = YES;
				INFOPLIST_FILE = DeliveryTrackWidget/Info.plist;
				INFOPLIST_KEY_CFBundleDisplayName = DeliveryTrackWidget;
				INFOPLIST_KEY_NSHumanReadableCopyright = "";
				IPHONEOS_DEPLOYMENT_TARGET = 16.0;
				LD_RUNPATH_SEARCH_PATHS = (
					"$(inherited)",
					"@executable_path/Frameworks",
					"@executable_path/../../Frameworks",
				);
				MARKETING_VERSION = 1.0;
				PRODUCT_BUNDLE_IDENTIFIER = com.peak.GroceryDeliveryApp.DeliveryTrackWidget;
				PRODUCT_NAME = "$(TARGET_NAME)";
				SKIP_INSTALL = YES;
				SWIFT_EMIT_LOC_STRINGS = YES;
				SWIFT_VERSION = 5.0;
				TARGETED_DEVICE_FAMILY = "1,2";
			};
			name = Release;
		};
/* End XCBuildConfiguration section */

/* Begin XCConfigurationList section */
		6CF6A90E2A9EDC5300F84B4E /* Build configuration list for PBXProject "GroceryDeliveryApp" */ = {
			isa = XCConfigurationList;
			buildConfigurations = (
				6CF6A91F2A9EDC5500F84B4E /* Debug */,
				6CF6A9202A9EDC5500F84B4E /* Release */,
			);
			defaultConfigurationIsVisible = 0;
			defaultConfigurationName = Release;
		};
		6CF6A9212A9EDC5500F84B4E /* Build configuration list for PBXNativeTarget "GroceryDeliveryApp" */ = {
			isa = XCConfigurationList;
			buildConfigurations = (
				6CF6A9222A9EDC5500F84B4E /* Debug */,
				6CF6A9232A9EDC5500F84B4E /* Release */,
			);
			defaultConfigurationIsVisible = 0;
			defaultConfigurationName = Release;
		};
		6CF6A93E2A9EDCB200F84B4E /* Build configuration list for PBXNativeTarget "DeliveryTrackWidgetExtension" */ = {
			isa = XCConfigurationList;
			buildConfigurations = (
				6CF6A93F2A9EDCB200F84B4E /* Debug */,
				6CF6A9402A9EDCB200F84B4E /* Release */,
			);
			defaultConfigurationIsVisible = 0;
			defaultConfigurationName = Release;
		};
/* End XCConfigurationList section */
	};
	rootObject = 6CF6A90B2A9EDC5300F84B4E /* Project object */;
}
