// !$*UTF8*$!
{
	archiveVersion = 1;
	classes = {
	};
	objectVersion = 55;
	objects = {

/* Begin PBXBuildFile section */
		157A781C2749202C003D84D7 /* DrawApp.swift in Sources */ = {isa = PBXBuildFile; fileRef = 157A781B2749202C003D84D7 /* DrawApp.swift */; };
		157A781E2749202C003D84D7 /* ContentView.swift in Sources */ = {isa = PBXBuildFile; fileRef = 157A781D2749202C003D84D7 /* ContentView.swift */; };
		157A78202749202D003D84D7 /* Assets.xcassets in Resources */ = {isa = PBXBuildFile; fileRef = 157A781F2749202D003D84D7 /* Assets.xcassets */; };
		157A78232749202D003D84D7 /* Preview Assets.xcassets in Resources */ = {isa = PBXBuildFile; fileRef = 157A78222749202D003D84D7 /* Preview Assets.xcassets */; };
		15A0B645274A6FCA001EC445 /* FlowerView.swift in Sources */ = {isa = PBXBuildFile; fileRef = 15A0B644274A6FCA001EC445 /* FlowerView.swift */; };
		15A0B647274A7010001EC445 /* ArcView.swift in Sources */ = {isa = PBXBuildFile; fileRef = 15A0B646274A7010001EC445 /* ArcView.swift */; };
		15A0B64B274A709B001EC445 /* CustomPath.swift in Sources */ = {isa = PBXBuildFile; fileRef = 15A0B64A274A709B001EC445 /* CustomPath.swift */; };
		15A0B64D274A755F001EC445 /* TriangleView.swift in Sources */ = {isa = PBXBuildFile; fileRef = 15A0B64C274A755F001EC445 /* TriangleView.swift */; };
		15A0B64F274A76FC001EC445 /* ColorCyclingCircleView.swift in Sources */ = {isa = PBXBuildFile; fileRef = 15A0B64E274A76FC001EC445 /* ColorCyclingCircleView.swift */; };
		15A0B651274A81AE001EC445 /* BlendMode.swift in Sources */ = {isa = PBXBuildFile; fileRef = 15A0B650274A81AE001EC445 /* BlendMode.swift */; };
		15A0B653274A842F001EC445 /* TrapezoidView.swift in Sources */ = {isa = PBXBuildFile; fileRef = 15A0B652274A842F001EC445 /* TrapezoidView.swift */; };
		15A0B655274A87BD001EC445 /* CheckerboardView.swift in Sources */ = {isa = PBXBuildFile; fileRef = 15A0B654274A87BD001EC445 /* CheckerboardView.swift */; };
		15A0B657274A9096001EC445 /* CustomSpirograph.swift in Sources */ = {isa = PBXBuildFile; fileRef = 15A0B656274A9096001EC445 /* CustomSpirograph.swift */; };
/* End PBXBuildFile section */

/* Begin PBXFileReference section */
		157A78182749202C003D84D7 /* Draw.app */ = {isa = PBXFileReference; explicitFileType = wrapper.application; includeInIndex = 0; path = Draw.app; sourceTree = BUILT_PRODUCTS_DIR; };
		157A781B2749202C003D84D7 /* DrawApp.swift */ = {isa = PBXFileReference; lastKnownFileType = sourcecode.swift; path = DrawApp.swift; sourceTree = "<group>"; };
		157A781D2749202C003D84D7 /* ContentView.swift */ = {isa = PBXFileReference; lastKnownFileType = sourcecode.swift; path = ContentView.swift; sourceTree = "<group>"; };
		157A781F2749202D003D84D7 /* Assets.xcassets */ = {isa = PBXFileReference; lastKnownFileType = folder.assetcatalog; path = Assets.xcassets; sourceTree = "<group>"; };
		157A78222749202D003D84D7 /* Preview Assets.xcassets */ = {isa = PBXFileReference; lastKnownFileType = folder.assetcatalog; path = "Preview Assets.xcassets"; sourceTree = "<group>"; };
		15A0B644274A6FCA001EC445 /* FlowerView.swift */ = {isa = PBXFileReference; lastKnownFileType = sourcecode.swift; path = FlowerView.swift; sourceTree = "<group>"; };
		15A0B646274A7010001EC445 /* ArcView.swift */ = {isa = PBXFileReference; lastKnownFileType = sourcecode.swift; path = ArcView.swift; sourceTree = "<group>"; };
		15A0B64A274A709B001EC445 /* CustomPath.swift */ = {isa = PBXFileReference; lastKnownFileType = sourcecode.swift; path = CustomPath.swift; sourceTree = "<group>"; };
		15A0B64C274A755F001EC445 /* TriangleView.swift */ = {isa = PBXFileReference; fileEncoding = 4; lastKnownFileType = sourcecode.swift; path = TriangleView.swift; sourceTree = "<group>"; };
		15A0B64E274A76FC001EC445 /* ColorCyclingCircleView.swift */ = {isa = PBXFileReference; lastKnownFileType = sourcecode.swift; path = ColorCyclingCircleView.swift; sourceTree = "<group>"; };
		15A0B650274A81AE001EC445 /* BlendMode.swift */ = {isa = PBXFileReference; lastKnownFileType = sourcecode.swift; path = BlendMode.swift; sourceTree = "<group>"; };
		15A0B652274A842F001EC445 /* TrapezoidView.swift */ = {isa = PBXFileReference; lastKnownFileType = sourcecode.swift; path = TrapezoidView.swift; sourceTree = "<group>"; };
		15A0B654274A87BD001EC445 /* CheckerboardView.swift */ = {isa = PBXFileReference; lastKnownFileType = sourcecode.swift; path = CheckerboardView.swift; sourceTree = "<group>"; };
		15A0B656274A9096001EC445 /* CustomSpirograph.swift */ = {isa = PBXFileReference; lastKnownFileType = sourcecode.swift; path = CustomSpirograph.swift; sourceTree = "<group>"; };
/* End PBXFileReference section */

/* Begin PBXFrameworksBuildPhase section */
		157A78152749202C003D84D7 /* Frameworks */ = {
			isa = PBXFrameworksBuildPhase;
			buildActionMask = 2147483647;
			files = (
			);
			runOnlyForDeploymentPostprocessing = 0;
		};
/* End PBXFrameworksBuildPhase section */

/* Begin PBXGroup section */
		157A780F2749202C003D84D7 = {
			isa = PBXGroup;
			children = (
				157A781A2749202C003D84D7 /* Draw */,
				157A78192749202C003D84D7 /* Products */,
			);
			sourceTree = "<group>";
		};
		157A78192749202C003D84D7 /* Products */ = {
			isa = PBXGroup;
			children = (
				157A78182749202C003D84D7 /* Draw.app */,
			);
			name = Products;
			sourceTree = "<group>";
		};
		157A781A2749202C003D84D7 /* Draw */ = {
			isa = PBXGroup;
			children = (
				157A781B2749202C003D84D7 /* DrawApp.swift */,
				157A781D2749202C003D84D7 /* ContentView.swift */,
				15A0B64A274A709B001EC445 /* CustomPath.swift */,
				15A0B64C274A755F001EC445 /* TriangleView.swift */,
				15A0B646274A7010001EC445 /* ArcView.swift */,
				15A0B644274A6FCA001EC445 /* FlowerView.swift */,
				15A0B64E274A76FC001EC445 /* ColorCyclingCircleView.swift */,
				15A0B650274A81AE001EC445 /* BlendMode.swift */,
				15A0B652274A842F001EC445 /* TrapezoidView.swift */,
				15A0B654274A87BD001EC445 /* CheckerboardView.swift */,
				15A0B656274A9096001EC445 /* CustomSpirograph.swift */,
				157A781F2749202D003D84D7 /* Assets.xcassets */,
				157A78212749202D003D84D7 /* Preview Content */,
			);
			path = Draw;
			sourceTree = "<group>";
		};
		157A78212749202D003D84D7 /* Preview Content */ = {
			isa = PBXGroup;
			children = (
				157A78222749202D003D84D7 /* Preview Assets.xcassets */,
			);
			path = "Preview Content";
			sourceTree = "<group>";
		};
/* End PBXGroup section */

/* Begin PBXNativeTarget section */
		157A78172749202C003D84D7 /* Draw */ = {
			isa = PBXNativeTarget;
			buildConfigurationList = 157A78262749202D003D84D7 /* Build configuration list for PBXNativeTarget "Draw" */;
			buildPhases = (
				157A78142749202C003D84D7 /* Sources */,
				157A78152749202C003D84D7 /* Frameworks */,
				157A78162749202C003D84D7 /* Resources */,
			);
			buildRules = (
			);
			dependencies = (
			);
			name = Draw;
			productName = Draw;
			productReference = 157A78182749202C003D84D7 /* Draw.app */;
			productType = "com.apple.product-type.application";
		};
/* End PBXNativeTarget section */

/* Begin PBXProject section */
		157A78102749202C003D84D7 /* Project object */ = {
			isa = PBXProject;
			attributes = {
				BuildIndependentTargetsInParallel = 1;
				LastSwiftUpdateCheck = 1310;
				LastUpgradeCheck = 1310;
				TargetAttributes = {
					157A78172749202C003D84D7 = {
						CreatedOnToolsVersion = 13.1;
					};
				};
			};
			buildConfigurationList = 157A78132749202C003D84D7 /* Build configuration list for PBXProject "Draw" */;
			compatibilityVersion = "Xcode 13.0";
			developmentRegion = en;
			hasScannedForEncodings = 0;
			knownRegions = (
				en,
				Base,
			);
			mainGroup = 157A780F2749202C003D84D7;
			productRefGroup = 157A78192749202C003D84D7 /* Products */;
			projectDirPath = "";
			projectRoot = "";
			targets = (
				157A78172749202C003D84D7 /* Draw */,
			);
		};
/* End PBXProject section */

/* Begin PBXResourcesBuildPhase section */
		157A78162749202C003D84D7 /* Resources */ = {
			isa = PBXResourcesBuildPhase;
			buildActionMask = 2147483647;
			files = (
				157A78232749202D003D84D7 /* Preview Assets.xcassets in Resources */,
				157A78202749202D003D84D7 /* Assets.xcassets in Resources */,
			);
			runOnlyForDeploymentPostprocessing = 0;
		};
/* End PBXResourcesBuildPhase section */

/* Begin PBXSourcesBuildPhase section */
		157A78142749202C003D84D7 /* Sources */ = {
			isa = PBXSourcesBuildPhase;
			buildActionMask = 2147483647;
			files = (
				15A0B64D274A755F001EC445 /* TriangleView.swift in Sources */,
				15A0B64F274A76FC001EC445 /* ColorCyclingCircleView.swift in Sources */,
				15A0B657274A9096001EC445 /* CustomSpirograph.swift in Sources */,
				157A781E2749202C003D84D7 /* ContentView.swift in Sources */,
				15A0B653274A842F001EC445 /* TrapezoidView.swift in Sources */,
				15A0B64B274A709B001EC445 /* CustomPath.swift in Sources */,
				15A0B651274A81AE001EC445 /* BlendMode.swift in Sources */,
				15A0B647274A7010001EC445 /* ArcView.swift in Sources */,
				15A0B655274A87BD001EC445 /* CheckerboardView.swift in Sources */,
				15A0B645274A6FCA001EC445 /* FlowerView.swift in Sources */,
				157A781C2749202C003D84D7 /* DrawApp.swift in Sources */,
			);
			runOnlyForDeploymentPostprocessing = 0;
		};
/* End PBXSourcesBuildPhase section */

/* Begin XCBuildConfiguration section */
		157A78242749202D003D84D7 /* Debug */ = {
			isa = XCBuildConfiguration;
			buildSettings = {
				ALWAYS_SEARCH_USER_PATHS = NO;
				CLANG_ANALYZER_NONNULL = YES;
				CLANG_ANALYZER_NUMBER_OBJECT_CONVERSION = YES_AGGRESSIVE;
				CLANG_CXX_LANGUAGE_STANDARD = "gnu++17";
				CLANG_CXX_LIBRARY = "libc++";
				CLANG_ENABLE_MODULES = YES;
				CLANG_ENABLE_OBJC_ARC = YES;
				CLANG_ENABLE_OBJC_WEAK = YES;
				CLANG_WARN_BLOCK_CAPTURE_AUTORELEASING = YES;
				CLANG_WARN_BOOL_CONVERSION = YES;
				CLANG_WARN_COMMA = YES;
				CLANG_WARN_CONSTANT_CONVERSION = YES;
				CLANG_WARN_DEPRECATED_OBJC_IMPLEMENTATIONS = YES;
				CLANG_WARN_DIRECT_OBJC_ISA_USAGE = YES_ERROR;
				CLANG_WARN_DOCUMENTATION_COMMENTS = YES;
				CLANG_WARN_EMPTY_BODY = YES;
				CLANG_WARN_ENUM_CONVERSION = YES;
				CLANG_WARN_INFINITE_RECURSION = YES;
				CLANG_WARN_INT_CONVERSION = YES;
				CLANG_WARN_NON_LITERAL_NULL_CONVERSION = YES;
				CLANG_WARN_OBJC_IMPLICIT_RETAIN_SELF = YES;
				CLANG_WARN_OBJC_LITERAL_CONVERSION = YES;
				CLANG_WARN_OBJC_ROOT_CLASS = YES_ERROR;
				CLANG_WARN_QUOTED_INCLUDE_IN_FRAMEWORK_HEADER = YES;
				CLANG_WARN_RANGE_LOOP_ANALYSIS = YES;
				CLANG_WARN_STRICT_PROTOTYPES = YES;
				CLANG_WARN_SUSPICIOUS_MOVE = YES;
				CLANG_WARN_UNGUARDED_AVAILABILITY = YES_AGGRESSIVE;
				CLANG_WARN_UNREACHABLE_CODE = YES;
				CLANG_WARN__DUPLICATE_METHOD_MATCH = YES;
				COPY_PHASE_STRIP = NO;
				DEBUG_INFORMATION_FORMAT = dwarf;
				ENABLE_STRICT_OBJC_MSGSEND = YES;
				ENABLE_TESTABILITY = YES;
				GCC_C_LANGUAGE_STANDARD = gnu11;
				GCC_DYNAMIC_NO_PIC = NO;
				GCC_NO_COMMON_BLOCKS = YES;
				GCC_OPTIMIZATION_LEVEL = 0;
				GCC_PREPROCESSOR_DEFINITIONS = (
					"DEBUG=1",
					"$(inherited)",
				);
				GCC_WARN_64_TO_32_BIT_CONVERSION = YES;
				GCC_WARN_ABOUT_RETURN_TYPE = YES_ERROR;
				GCC_WARN_UNDECLARED_SELECTOR = YES;
				GCC_WARN_UNINITIALIZED_AUTOS = YES_AGGRESSIVE;
				GCC_WARN_UNUSED_FUNCTION = YES;
				GCC_WARN_UNUSED_VARIABLE = YES;
				IPHONEOS_DEPLOYMENT_TARGET = 15.0;
				MTL_ENABLE_DEBUG_INFO = INCLUDE_SOURCE;
				MTL_FAST_MATH = YES;
				ONLY_ACTIVE_ARCH = YES;
				SDKROOT = iphoneos;
				SWIFT_ACTIVE_COMPILATION_CONDITIONS = DEBUG;
				SWIFT_OPTIMIZATION_LEVEL = "-Onone";
			};
			name = Debug;
		};
		157A78252749202D003D84D7 /* Release */ = {
			isa = XCBuildConfiguration;
			buildSettings = {
				ALWAYS_SEARCH_USER_PATHS = NO;
				CLANG_ANALYZER_NONNULL = YES;
				CLANG_ANALYZER_NUMBER_OBJECT_CONVERSION = YES_AGGRESSIVE;
				CLANG_CXX_LANGUAGE_STANDARD = "gnu++17";
				CLANG_CXX_LIBRARY = "libc++";
				CLANG_ENABLE_MODULES = YES;
				CLANG_ENABLE_OBJC_ARC = YES;
				CLANG_ENABLE_OBJC_WEAK = YES;
				CLANG_WARN_BLOCK_CAPTURE_AUTORELEASING = YES;
				CLANG_WARN_BOOL_CONVERSION = YES;
				CLANG_WARN_COMMA = YES;
				CLANG_WARN_CONSTANT_CONVERSION = YES;
				CLANG_WARN_DEPRECATED_OBJC_IMPLEMENTATIONS = YES;
				CLANG_WARN_DIRECT_OBJC_ISA_USAGE = YES_ERROR;
				CLANG_WARN_DOCUMENTATION_COMMENTS = YES;
				CLANG_WARN_EMPTY_BODY = YES;
				CLANG_WARN_ENUM_CONVERSION = YES;
				CLANG_WARN_INFINITE_RECURSION = YES;
				CLANG_WARN_INT_CONVERSION = YES;
				CLANG_WARN_NON_LITERAL_NULL_CONVERSION = YES;
				CLANG_WARN_OBJC_IMPLICIT_RETAIN_SELF = YES;
				CLANG_WARN_OBJC_LITERAL_CONVERSION = YES;
				CLANG_WARN_OBJC_ROOT_CLASS = YES_ERROR;
				CLANG_WARN_QUOTED_INCLUDE_IN_FRAMEWORK_HEADER = YES;
				CLANG_WARN_RANGE_LOOP_ANALYSIS = YES;
				CLANG_WARN_STRICT_PROTOTYPES = YES;
				CLANG_WARN_SUSPICIOUS_MOVE = YES;
				CLANG_WARN_UNGUARDED_AVAILABILITY = YES_AGGRESSIVE;
				CLANG_WARN_UNREACHABLE_CODE = YES;
				CLANG_WARN__DUPLICATE_METHOD_MATCH = YES;
				COPY_PHASE_STRIP = NO;
				DEBUG_INFORMATION_FORMAT = "dwarf-with-dsym";
				ENABLE_NS_ASSERTIONS = NO;
				ENABLE_STRICT_OBJC_MSGSEND = YES;
				GCC_C_LANGUAGE_STANDARD = gnu11;
				GCC_NO_COMMON_BLOCKS = YES;
				GCC_WARN_64_TO_32_BIT_CONVERSION = YES;
				GCC_WARN_ABOUT_RETURN_TYPE = YES_ERROR;
				GCC_WARN_UNDECLARED_SELECTOR = YES;
				GCC_WARN_UNINITIALIZED_AUTOS = YES_AGGRESSIVE;
				GCC_WARN_UNUSED_FUNCTION = YES;
				GCC_WARN_UNUSED_VARIABLE = YES;
				IPHONEOS_DEPLOYMENT_TARGET = 15.0;
				MTL_ENABLE_DEBUG_INFO = NO;
				MTL_FAST_MATH = YES;
				SDKROOT = iphoneos;
				SWIFT_COMPILATION_MODE = wholemodule;
				SWIFT_OPTIMIZATION_LEVEL = "-O";
				VALIDATE_PRODUCT = YES;
			};
			name = Release;
		};
		157A78272749202D003D84D7 /* Debug */ = {
			isa = XCBuildConfiguration;
			buildSettings = {
				ASSETCATALOG_COMPILER_APPICON_NAME = AppIcon;
				ASSETCATALOG_COMPILER_GLOBAL_ACCENT_COLOR_NAME = AccentColor;
				CODE_SIGN_STYLE = Automatic;
				CURRENT_PROJECT_VERSION = 1;
				DEVELOPMENT_ASSET_PATHS = "\"Draw/Preview Content\"";
				ENABLE_PREVIEWS = YES;
				GENERATE_INFOPLIST_FILE = YES;
				INFOPLIST_KEY_UIApplicationSceneManifest_Generation = YES;
				INFOPLIST_KEY_UIApplicationSupportsIndirectInputEvents = YES;
				INFOPLIST_KEY_UILaunchScreen_Generation = YES;
				INFOPLIST_KEY_UISupportedInterfaceOrientations_iPad = "UIInterfaceOrientationPortrait UIInterfaceOrientationPortraitUpsideDown UIInterfaceOrientationLandscapeLeft UIInterfaceOrientationLandscapeRight";
				INFOPLIST_KEY_UISupportedInterfaceOrientations_iPhone = "UIInterfaceOrientationPortrait UIInterfaceOrientationLandscapeLeft UIInterfaceOrientationLandscapeRight";
				LD_RUNPATH_SEARCH_PATHS = (
					"$(inherited)",
					"@executable_path/Frameworks",
				);
				MARKETING_VERSION = 1.0;
				PRODUCT_BUNDLE_IDENTIFIER = chenxi.Draw;
				PRODUCT_NAME = "$(TARGET_NAME)";
				SWIFT_EMIT_LOC_STRINGS = YES;
				SWIFT_VERSION = 5.0;
				TARGETED_DEVICE_FAMILY = "1,2";
			};
			name = Debug;
		};
		157A78282749202D003D84D7 /* Release */ = {
			isa = XCBuildConfiguration;
			buildSettings = {
				ASSETCATALOG_COMPILER_APPICON_NAME = AppIcon;
				ASSETCATALOG_COMPILER_GLOBAL_ACCENT_COLOR_NAME = AccentColor;
				CODE_SIGN_STYLE = Automatic;
				CURRENT_PROJECT_VERSION = 1;
				DEVELOPMENT_ASSET_PATHS = "\"Draw/Preview Content\"";
				ENABLE_PREVIEWS = YES;
				GENERATE_INFOPLIST_FILE = YES;
				INFOPLIST_KEY_UIApplicationSceneManifest_Generation = YES;
				INFOPLIST_KEY_UIApplicationSupportsIndirectInputEvents = YES;
				INFOPLIST_KEY_UILaunchScreen_Generation = YES;
				INFOPLIST_KEY_UISupportedInterfaceOrientations_iPad = "UIInterfaceOrientationPortrait UIInterfaceOrientationPortraitUpsideDown UIInterfaceOrientationLandscapeLeft UIInterfaceOrientationLandscapeRight";
				INFOPLIST_KEY_UISupportedInterfaceOrientations_iPhone = "UIInterfaceOrientationPortrait UIInterfaceOrientationLandscapeLeft UIInterfaceOrientationLandscapeRight";
				LD_RUNPATH_SEARCH_PATHS = (
					"$(inherited)",
					"@executable_path/Frameworks",
				);
				MARKETING_VERSION = 1.0;
				PRODUCT_BUNDLE_IDENTIFIER = chenxi.Draw;
				PRODUCT_NAME = "$(TARGET_NAME)";
				SWIFT_EMIT_LOC_STRINGS = YES;
				SWIFT_VERSION = 5.0;
				TARGETED_DEVICE_FAMILY = "1,2";
			};
			name = Release;
		};
/* End XCBuildConfiguration section */

/* Begin XCConfigurationList section */
		157A78132749202C003D84D7 /* Build configuration list for PBXProject "Draw" */ = {
			isa = XCConfigurationList;
			buildConfigurations = (
				157A78242749202D003D84D7 /* Debug */,
				157A78252749202D003D84D7 /* Release */,
			);
			defaultConfigurationIsVisible = 0;
			defaultConfigurationName = Release;
		};
		157A78262749202D003D84D7 /* Build configuration list for PBXNativeTarget "Draw" */ = {
			isa = XCConfigurationList;
			buildConfigurations = (
				157A78272749202D003D84D7 /* Debug */,
				157A78282749202D003D84D7 /* Release */,
			);
			defaultConfigurationIsVisible = 0;
			defaultConfigurationName = Release;
		};
/* End XCConfigurationList section */
	};
	rootObject = 157A78102749202C003D84D7 /* Project object */;
}
