// !$*UTF8*$!
{
	archiveVersion = 1;
	classes = {
	};
	objectVersion = 55;
	objects = {

/* Begin PBXBuildFile section */
		6C9A421927A3EF060074FD09 /* MyRefundApp.swift in Sources */ = {isa = PBXBuildFile; fileRef = 6C9A421827A3EF060074FD09 /* MyRefundApp.swift */; };
		6C9A421B27A3EF060074FD09 /* ContentView.swift in Sources */ = {isa = PBXBuildFile; fileRef = 6C9A421A27A3EF060074FD09 /* ContentView.swift */; };
		6C9A421D27A3EF080074FD09 /* Assets.xcassets in Resources */ = {isa = PBXBuildFile; fileRef = 6C9A421C27A3EF080074FD09 /* Assets.xcassets */; };
		6C9A422027A3EF080074FD09 /* Preview Assets.xcassets in Resources */ = {isa = PBXBuildFile; fileRef = 6C9A421F27A3EF080074FD09 /* Preview Assets.xcassets */; };
		6C9A422A27A3F2CB0074FD09 /* Products.plist in Resources */ = {isa = PBXBuildFile; fileRef = 6C9A422927A3F2CB0074FD09 /* Products.plist */; };
		6C9A422C27A3F2F60074FD09 /* Store.swift in Sources */ = {isa = PBXBuildFile; fileRef = 6C9A422B27A3F2F60074FD09 /* Store.swift */; };
		6C9A422E27A3FA030074FD09 /* CustomButtonStyle.swift in Sources */ = {isa = PBXBuildFile; fileRef = 6C9A422D27A3FA030074FD09 /* CustomButtonStyle.swift */; };
		6C9A423027A3FC300074FD09 /* ListCellView.swift in Sources */ = {isa = PBXBuildFile; fileRef = 6C9A422F27A3FC300074FD09 /* ListCellView.swift */; };
		6C9A423227A4E03E0074FD09 /* ProductListView.swift in Sources */ = {isa = PBXBuildFile; fileRef = 6C9A423127A4E03E0074FD09 /* ProductListView.swift */; };
		6C9A423427A4EFF20074FD09 /* TransactionListView.swift in Sources */ = {isa = PBXBuildFile; fileRef = 6C9A423327A4EFF20074FD09 /* TransactionListView.swift */; };
		6C9A423627A4F4520074FD09 /* TransactionListCellView.swift in Sources */ = {isa = PBXBuildFile; fileRef = 6C9A423527A4F4520074FD09 /* TransactionListCellView.swift */; };
		6C9A423827A51E1C0074FD09 /* HistoryListView.swift in Sources */ = {isa = PBXBuildFile; fileRef = 6C9A423727A51E1C0074FD09 /* HistoryListView.swift */; };
		6C9A423A27A51E9A0074FD09 /* HistoryListCellView.swift in Sources */ = {isa = PBXBuildFile; fileRef = 6C9A423927A51E9A0074FD09 /* HistoryListCellView.swift */; };
		6C9A423C27A51EFE0074FD09 /* README.md in Resources */ = {isa = PBXBuildFile; fileRef = 6C9A423B27A51EFE0074FD09 /* README.md */; };
/* End PBXBuildFile section */

/* Begin PBXFileReference section */
		6C9A421527A3EF060074FD09 /* MyRefund.app */ = {isa = PBXFileReference; explicitFileType = wrapper.application; includeInIndex = 0; path = MyRefund.app; sourceTree = BUILT_PRODUCTS_DIR; };
		6C9A421827A3EF060074FD09 /* MyRefundApp.swift */ = {isa = PBXFileReference; lastKnownFileType = sourcecode.swift; path = MyRefundApp.swift; sourceTree = "<group>"; };
		6C9A421A27A3EF060074FD09 /* ContentView.swift */ = {isa = PBXFileReference; lastKnownFileType = sourcecode.swift; path = ContentView.swift; sourceTree = "<group>"; };
		6C9A421C27A3EF080074FD09 /* Assets.xcassets */ = {isa = PBXFileReference; lastKnownFileType = folder.assetcatalog; path = Assets.xcassets; sourceTree = "<group>"; };
		6C9A421F27A3EF080074FD09 /* Preview Assets.xcassets */ = {isa = PBXFileReference; lastKnownFileType = folder.assetcatalog; path = "Preview Assets.xcassets"; sourceTree = "<group>"; };
		6C9A422927A3F2CB0074FD09 /* Products.plist */ = {isa = PBXFileReference; lastKnownFileType = text.plist.xml; path = Products.plist; sourceTree = "<group>"; };
		6C9A422B27A3F2F60074FD09 /* Store.swift */ = {isa = PBXFileReference; lastKnownFileType = sourcecode.swift; path = Store.swift; sourceTree = "<group>"; };
		6C9A422D27A3FA030074FD09 /* CustomButtonStyle.swift */ = {isa = PBXFileReference; lastKnownFileType = sourcecode.swift; path = CustomButtonStyle.swift; sourceTree = "<group>"; };
		6C9A422F27A3FC300074FD09 /* ListCellView.swift */ = {isa = PBXFileReference; lastKnownFileType = sourcecode.swift; path = ListCellView.swift; sourceTree = "<group>"; };
		6C9A423127A4E03E0074FD09 /* ProductListView.swift */ = {isa = PBXFileReference; lastKnownFileType = sourcecode.swift; path = ProductListView.swift; sourceTree = "<group>"; };
		6C9A423327A4EFF20074FD09 /* TransactionListView.swift */ = {isa = PBXFileReference; lastKnownFileType = sourcecode.swift; path = TransactionListView.swift; sourceTree = "<group>"; };
		6C9A423527A4F4520074FD09 /* TransactionListCellView.swift */ = {isa = PBXFileReference; lastKnownFileType = sourcecode.swift; path = TransactionListCellView.swift; sourceTree = "<group>"; };
		6C9A423727A51E1C0074FD09 /* HistoryListView.swift */ = {isa = PBXFileReference; lastKnownFileType = sourcecode.swift; path = HistoryListView.swift; sourceTree = "<group>"; };
		6C9A423927A51E9A0074FD09 /* HistoryListCellView.swift */ = {isa = PBXFileReference; lastKnownFileType = sourcecode.swift; path = HistoryListCellView.swift; sourceTree = "<group>"; };
		6C9A423B27A51EFE0074FD09 /* README.md */ = {isa = PBXFileReference; lastKnownFileType = net.daringfireball.markdown; path = README.md; sourceTree = "<group>"; };
/* End PBXFileReference section */

/* Begin PBXFrameworksBuildPhase section */
		6C9A421227A3EF060074FD09 /* Frameworks */ = {
			isa = PBXFrameworksBuildPhase;
			buildActionMask = 2147483647;
			files = (
			);
			runOnlyForDeploymentPostprocessing = 0;
		};
/* End PBXFrameworksBuildPhase section */

/* Begin PBXGroup section */
		6C9A420C27A3EF060074FD09 = {
			isa = PBXGroup;
			children = (
				6C9A423B27A51EFE0074FD09 /* README.md */,
				6C9A421727A3EF060074FD09 /* MyRefund */,
				6C9A421627A3EF060074FD09 /* Products */,
			);
			sourceTree = "<group>";
		};
		6C9A421627A3EF060074FD09 /* Products */ = {
			isa = PBXGroup;
			children = (
				6C9A421527A3EF060074FD09 /* MyRefund.app */,
			);
			name = Products;
			sourceTree = "<group>";
		};
		6C9A421727A3EF060074FD09 /* MyRefund */ = {
			isa = PBXGroup;
			children = (
				6C9A421827A3EF060074FD09 /* MyRefundApp.swift */,
				6C9A422627A3F2960074FD09 /* Resource */,
				6C9A422827A3F2AD0074FD09 /* ViewModel */,
				6C9A422727A3F2A50074FD09 /* Views */,
				6C9A421C27A3EF080074FD09 /* Assets.xcassets */,
				6C9A421E27A3EF080074FD09 /* Preview Content */,
			);
			path = MyRefund;
			sourceTree = "<group>";
		};
		6C9A421E27A3EF080074FD09 /* Preview Content */ = {
			isa = PBXGroup;
			children = (
				6C9A421F27A3EF080074FD09 /* Preview Assets.xcassets */,
			);
			path = "Preview Content";
			sourceTree = "<group>";
		};
		6C9A422627A3F2960074FD09 /* Resource */ = {
			isa = PBXGroup;
			children = (
				6C9A422927A3F2CB0074FD09 /* Products.plist */,
			);
			path = Resource;
			sourceTree = "<group>";
		};
		6C9A422727A3F2A50074FD09 /* Views */ = {
			isa = PBXGroup;
			children = (
				6C9A421A27A3EF060074FD09 /* ContentView.swift */,
				6C9A423727A51E1C0074FD09 /* HistoryListView.swift */,
				6C9A423927A51E9A0074FD09 /* HistoryListCellView.swift */,
				6C9A423127A4E03E0074FD09 /* ProductListView.swift */,
				6C9A422F27A3FC300074FD09 /* ListCellView.swift */,
				6C9A423327A4EFF20074FD09 /* TransactionListView.swift */,
				6C9A423527A4F4520074FD09 /* TransactionListCellView.swift */,
				6C9A422D27A3FA030074FD09 /* CustomButtonStyle.swift */,
			);
			path = Views;
			sourceTree = "<group>";
		};
		6C9A422827A3F2AD0074FD09 /* ViewModel */ = {
			isa = PBXGroup;
			children = (
				6C9A422B27A3F2F60074FD09 /* Store.swift */,
			);
			path = ViewModel;
			sourceTree = "<group>";
		};
/* End PBXGroup section */

/* Begin PBXNativeTarget section */
		6C9A421427A3EF060074FD09 /* MyRefund */ = {
			isa = PBXNativeTarget;
			buildConfigurationList = 6C9A422327A3EF080074FD09 /* Build configuration list for PBXNativeTarget "MyRefund" */;
			buildPhases = (
				6C9A421127A3EF060074FD09 /* Sources */,
				6C9A421227A3EF060074FD09 /* Frameworks */,
				6C9A421327A3EF060074FD09 /* Resources */,
			);
			buildRules = (
			);
			dependencies = (
			);
			name = MyRefund;
			productName = MyRefund;
			productReference = 6C9A421527A3EF060074FD09 /* MyRefund.app */;
			productType = "com.apple.product-type.application";
		};
/* End PBXNativeTarget section */

/* Begin PBXProject section */
		6C9A420D27A3EF060074FD09 /* Project object */ = {
			isa = PBXProject;
			attributes = {
				BuildIndependentTargetsInParallel = 1;
				LastSwiftUpdateCheck = 1310;
				LastUpgradeCheck = 1310;
				TargetAttributes = {
					6C9A421427A3EF060074FD09 = {
						CreatedOnToolsVersion = 13.1;
					};
				};
			};
			buildConfigurationList = 6C9A421027A3EF060074FD09 /* Build configuration list for PBXProject "MyRefund" */;
			compatibilityVersion = "Xcode 13.0";
			developmentRegion = en;
			hasScannedForEncodings = 0;
			knownRegions = (
				en,
				Base,
			);
			mainGroup = 6C9A420C27A3EF060074FD09;
			productRefGroup = 6C9A421627A3EF060074FD09 /* Products */;
			projectDirPath = "";
			projectRoot = "";
			targets = (
				6C9A421427A3EF060074FD09 /* MyRefund */,
			);
		};
/* End PBXProject section */

/* Begin PBXResourcesBuildPhase section */
		6C9A421327A3EF060074FD09 /* Resources */ = {
			isa = PBXResourcesBuildPhase;
			buildActionMask = 2147483647;
			files = (
				6C9A422027A3EF080074FD09 /* Preview Assets.xcassets in Resources */,
				6C9A421D27A3EF080074FD09 /* Assets.xcassets in Resources */,
				6C9A423C27A51EFE0074FD09 /* README.md in Resources */,
				6C9A422A27A3F2CB0074FD09 /* Products.plist in Resources */,
			);
			runOnlyForDeploymentPostprocessing = 0;
		};
/* End PBXResourcesBuildPhase section */

/* Begin PBXSourcesBuildPhase section */
		6C9A421127A3EF060074FD09 /* Sources */ = {
			isa = PBXSourcesBuildPhase;
			buildActionMask = 2147483647;
			files = (
				6C9A423827A51E1C0074FD09 /* HistoryListView.swift in Sources */,
				6C9A423227A4E03E0074FD09 /* ProductListView.swift in Sources */,
				6C9A422E27A3FA030074FD09 /* CustomButtonStyle.swift in Sources */,
				6C9A422C27A3F2F60074FD09 /* Store.swift in Sources */,
				6C9A421B27A3EF060074FD09 /* ContentView.swift in Sources */,
				6C9A421927A3EF060074FD09 /* MyRefundApp.swift in Sources */,
				6C9A423627A4F4520074FD09 /* TransactionListCellView.swift in Sources */,
				6C9A423A27A51E9A0074FD09 /* HistoryListCellView.swift in Sources */,
				6C9A423427A4EFF20074FD09 /* TransactionListView.swift in Sources */,
				6C9A423027A3FC300074FD09 /* ListCellView.swift in Sources */,
			);
			runOnlyForDeploymentPostprocessing = 0;
		};
/* End PBXSourcesBuildPhase section */

/* Begin XCBuildConfiguration section */
		6C9A422127A3EF080074FD09 /* Debug */ = {
			isa = XCBuildConfiguration;
			buildSettings = {
				ALWAYS_SEARCH_USER_PATHS = NO;
				CLANG_ANALYZER_NONNULL = YES;
				CLANG_ANALYZER_NUMBER_OBJECT_CONVERSION = YES_AGGRESSIVE;
				CLANG_CXX_LANGUAGE_STANDARD = "gnu++17";
				CLANG_CXX_LIBRARY = "libc++";
				CLANG_ENABLE_MODULES = YES;
				CLANG_ENABLE_OBJC_ARC = YES;
				CLANG_ENABLE_OBJC_WEAK = YES;
				CLANG_WARN_BLOCK_CAPTURE_AUTORELEASING = YES;
				CLANG_WARN_BOOL_CONVERSION = YES;
				CLANG_WARN_COMMA = YES;
				CLANG_WARN_CONSTANT_CONVERSION = YES;
				CLANG_WARN_DEPRECATED_OBJC_IMPLEMENTATIONS = YES;
				CLANG_WARN_DIRECT_OBJC_ISA_USAGE = YES_ERROR;
				CLANG_WARN_DOCUMENTATION_COMMENTS = YES;
				CLANG_WARN_EMPTY_BODY = YES;
				CLANG_WARN_ENUM_CONVERSION = YES;
				CLANG_WARN_INFINITE_RECURSION = YES;
				CLANG_WARN_INT_CONVERSION = YES;
				CLANG_WARN_NON_LITERAL_NULL_CONVERSION = YES;
				CLANG_WARN_OBJC_IMPLICIT_RETAIN_SELF = YES;
				CLANG_WARN_OBJC_LITERAL_CONVERSION = YES;
				CLANG_WARN_OBJC_ROOT_CLASS = YES_ERROR;
				CLANG_WARN_QUOTED_INCLUDE_IN_FRAMEWORK_HEADER = YES;
				CLANG_WARN_RANGE_LOOP_ANALYSIS = YES;
				CLANG_WARN_STRICT_PROTOTYPES = YES;
				CLANG_WARN_SUSPICIOUS_MOVE = YES;
				CLANG_WARN_UNGUARDED_AVAILABILITY = YES_AGGRESSIVE;
				CLANG_WARN_UNREACHABLE_CODE = YES;
				CLANG_WARN__DUPLICATE_METHOD_MATCH = YES;
				COPY_PHASE_STRIP = NO;
				DEBUG_INFORMATION_FORMAT = dwarf;
				ENABLE_STRICT_OBJC_MSGSEND = YES;
				ENABLE_TESTABILITY = YES;
				GCC_C_LANGUAGE_STANDARD = gnu11;
				GCC_DYNAMIC_NO_PIC = NO;
				GCC_NO_COMMON_BLOCKS = YES;
				GCC_OPTIMIZATION_LEVEL = 0;
				GCC_PREPROCESSOR_DEFINITIONS = (
					"DEBUG=1",
					"$(inherited)",
				);
				GCC_WARN_64_TO_32_BIT_CONVERSION = YES;
				GCC_WARN_ABOUT_RETURN_TYPE = YES_ERROR;
				GCC_WARN_UNDECLARED_SELECTOR = YES;
				GCC_WARN_UNINITIALIZED_AUTOS = YES_AGGRESSIVE;
				GCC_WARN_UNUSED_FUNCTION = YES;
				GCC_WARN_UNUSED_VARIABLE = YES;
				IPHONEOS_DEPLOYMENT_TARGET = 15.0;
				MTL_ENABLE_DEBUG_INFO = INCLUDE_SOURCE;
				MTL_FAST_MATH = YES;
				ONLY_ACTIVE_ARCH = YES;
				SDKROOT = iphoneos;
				SWIFT_ACTIVE_COMPILATION_CONDITIONS = DEBUG;
				SWIFT_OPTIMIZATION_LEVEL = "-Onone";
			};
			name = Debug;
		};
		6C9A422227A3EF080074FD09 /* Release */ = {
			isa = XCBuildConfiguration;
			buildSettings = {
				ALWAYS_SEARCH_USER_PATHS = NO;
				CLANG_ANALYZER_NONNULL = YES;
				CLANG_ANALYZER_NUMBER_OBJECT_CONVERSION = YES_AGGRESSIVE;
				CLANG_CXX_LANGUAGE_STANDARD = "gnu++17";
				CLANG_CXX_LIBRARY = "libc++";
				CLANG_ENABLE_MODULES = YES;
				CLANG_ENABLE_OBJC_ARC = YES;
				CLANG_ENABLE_OBJC_WEAK = YES;
				CLANG_WARN_BLOCK_CAPTURE_AUTORELEASING = YES;
				CLANG_WARN_BOOL_CONVERSION = YES;
				CLANG_WARN_COMMA = YES;
				CLANG_WARN_CONSTANT_CONVERSION = YES;
				CLANG_WARN_DEPRECATED_OBJC_IMPLEMENTATIONS = YES;
				CLANG_WARN_DIRECT_OBJC_ISA_USAGE = YES_ERROR;
				CLANG_WARN_DOCUMENTATION_COMMENTS = YES;
				CLANG_WARN_EMPTY_BODY = YES;
				CLANG_WARN_ENUM_CONVERSION = YES;
				CLANG_WARN_INFINITE_RECURSION = YES;
				CLANG_WARN_INT_CONVERSION = YES;
				CLANG_WARN_NON_LITERAL_NULL_CONVERSION = YES;
				CLANG_WARN_OBJC_IMPLICIT_RETAIN_SELF = YES;
				CLANG_WARN_OBJC_LITERAL_CONVERSION = YES;
				CLANG_WARN_OBJC_ROOT_CLASS = YES_ERROR;
				CLANG_WARN_QUOTED_INCLUDE_IN_FRAMEWORK_HEADER = YES;
				CLANG_WARN_RANGE_LOOP_ANALYSIS = YES;
				CLANG_WARN_STRICT_PROTOTYPES = YES;
				CLANG_WARN_SUSPICIOUS_MOVE = YES;
				CLANG_WARN_UNGUARDED_AVAILABILITY = YES_AGGRESSIVE;
				CLANG_WARN_UNREACHABLE_CODE = YES;
				CLANG_WARN__DUPLICATE_METHOD_MATCH = YES;
				COPY_PHASE_STRIP = NO;
				DEBUG_INFORMATION_FORMAT = "dwarf-with-dsym";
				ENABLE_NS_ASSERTIONS = NO;
				ENABLE_STRICT_OBJC_MSGSEND = YES;
				GCC_C_LANGUAGE_STANDARD = gnu11;
				GCC_NO_COMMON_BLOCKS = YES;
				GCC_WARN_64_TO_32_BIT_CONVERSION = YES;
				GCC_WARN_ABOUT_RETURN_TYPE = YES_ERROR;
				GCC_WARN_UNDECLARED_SELECTOR = YES;
				GCC_WARN_UNINITIALIZED_AUTOS = YES_AGGRESSIVE;
				GCC_WARN_UNUSED_FUNCTION = YES;
				GCC_WARN_UNUSED_VARIABLE = YES;
				IPHONEOS_DEPLOYMENT_TARGET = 15.0;
				MTL_ENABLE_DEBUG_INFO = NO;
				MTL_FAST_MATH = YES;
				SDKROOT = iphoneos;
				SWIFT_COMPILATION_MODE = wholemodule;
				SWIFT_OPTIMIZATION_LEVEL = "-O";
				VALIDATE_PRODUCT = YES;
			};
			name = Release;
		};
		6C9A422427A3EF080074FD09 /* Debug */ = {
			isa = XCBuildConfiguration;
			buildSettings = {
				ASSETCATALOG_COMPILER_APPICON_NAME = AppIcon;
				ASSETCATALOG_COMPILER_GLOBAL_ACCENT_COLOR_NAME = AccentColor;
				CODE_SIGN_IDENTITY = "iPhone Developer";
				CODE_SIGN_STYLE = Manual;
				CURRENT_PROJECT_VERSION = 1;
				DEVELOPMENT_ASSET_PATHS = "\"MyRefund/Preview Content\"";
				DEVELOPMENT_TEAM = HNPPJ4UGV3;
				"DEVELOPMENT_TEAM[sdk=iphoneos*]" = 9XJ9HHK8NJ;
				ENABLE_PREVIEWS = YES;
				GENERATE_INFOPLIST_FILE = YES;
				INFOPLIST_KEY_UIApplicationSceneManifest_Generation = YES;
				INFOPLIST_KEY_UIApplicationSupportsIndirectInputEvents = YES;
				INFOPLIST_KEY_UILaunchScreen_Generation = YES;
				INFOPLIST_KEY_UISupportedInterfaceOrientations_iPad = "UIInterfaceOrientationPortrait UIInterfaceOrientationPortraitUpsideDown UIInterfaceOrientationLandscapeLeft UIInterfaceOrientationLandscapeRight";
				INFOPLIST_KEY_UISupportedInterfaceOrientations_iPhone = "UIInterfaceOrientationPortrait UIInterfaceOrientationLandscapeLeft UIInterfaceOrientationLandscapeRight";
				LD_RUNPATH_SEARCH_PATHS = (
					"$(inherited)",
					"@executable_path/Frameworks",
				);
				MARKETING_VERSION = 1.0;
				PRODUCT_BUNDLE_IDENTIFIER = com.karma.mydestinygirlsios;
				PRODUCT_NAME = "$(TARGET_NAME)";
				PROVISIONING_PROFILE_SPECIFIER = breakding_dead_dev_2023_01_13;
				"PROVISIONING_PROFILE_SPECIFIER[sdk=iphoneos*]" = my_destiny_girs_apple_dev_2023_3_13;
				SWIFT_EMIT_LOC_STRINGS = YES;
				SWIFT_VERSION = 5.0;
				TARGETED_DEVICE_FAMILY = "1,2";
			};
			name = Debug;
		};
		6C9A422527A3EF080074FD09 /* Release */ = {
			isa = XCBuildConfiguration;
			buildSettings = {
				ASSETCATALOG_COMPILER_APPICON_NAME = AppIcon;
				ASSETCATALOG_COMPILER_GLOBAL_ACCENT_COLOR_NAME = AccentColor;
				CODE_SIGN_IDENTITY = "iPhone Developer";
				CODE_SIGN_STYLE = Manual;
				CURRENT_PROJECT_VERSION = 1;
				DEVELOPMENT_ASSET_PATHS = "\"MyRefund/Preview Content\"";
				DEVELOPMENT_TEAM = HNPPJ4UGV3;
				"DEVELOPMENT_TEAM[sdk=iphoneos*]" = 9XJ9HHK8NJ;
				ENABLE_PREVIEWS = YES;
				GENERATE_INFOPLIST_FILE = YES;
				INFOPLIST_KEY_UIApplicationSceneManifest_Generation = YES;
				INFOPLIST_KEY_UIApplicationSupportsIndirectInputEvents = YES;
				INFOPLIST_KEY_UILaunchScreen_Generation = YES;
				INFOPLIST_KEY_UISupportedInterfaceOrientations_iPad = "UIInterfaceOrientationPortrait UIInterfaceOrientationPortraitUpsideDown UIInterfaceOrientationLandscapeLeft UIInterfaceOrientationLandscapeRight";
				INFOPLIST_KEY_UISupportedInterfaceOrientations_iPhone = "UIInterfaceOrientationPortrait UIInterfaceOrientationLandscapeLeft UIInterfaceOrientationLandscapeRight";
				LD_RUNPATH_SEARCH_PATHS = (
					"$(inherited)",
					"@executable_path/Frameworks",
				);
				MARKETING_VERSION = 1.0;
				PRODUCT_BUNDLE_IDENTIFIER = com.karma.mydestinygirlsios;
				PRODUCT_NAME = "$(TARGET_NAME)";
				PROVISIONING_PROFILE_SPECIFIER = breakding_dead_dev_2023_01_13;
				"PROVISIONING_PROFILE_SPECIFIER[sdk=iphoneos*]" = my_destiny_girs_apple_dev_2023_3_13;
				SWIFT_EMIT_LOC_STRINGS = YES;
				SWIFT_VERSION = 5.0;
				TARGETED_DEVICE_FAMILY = "1,2";
			};
			name = Release;
		};
/* End XCBuildConfiguration section */

/* Begin XCConfigurationList section */
		6C9A421027A3EF060074FD09 /* Build configuration list for PBXProject "MyRefund" */ = {
			isa = XCConfigurationList;
			buildConfigurations = (
				6C9A422127A3EF080074FD09 /* Debug */,
				6C9A422227A3EF080074FD09 /* Release */,
			);
			defaultConfigurationIsVisible = 0;
			defaultConfigurationName = Release;
		};
		6C9A422327A3EF080074FD09 /* Build configuration list for PBXNativeTarget "MyRefund" */ = {
			isa = XCConfigurationList;
			buildConfigurations = (
				6C9A422427A3EF080074FD09 /* Debug */,
				6C9A422527A3EF080074FD09 /* Release */,
			);
			defaultConfigurationIsVisible = 0;
			defaultConfigurationName = Release;
		};
/* End XCConfigurationList section */
	};
	rootObject = 6C9A420D27A3EF060074FD09 /* Project object */;
}
